// !$*UTF8*$!
{
	archiveVersion = 1;
	classes = {
	};
	objectVersion = 46;
	objects = {

/* Begin PBXBuildFile section */
		0F19AA431F0D085000997F66 /* main.m in Sources */ = {isa = PBXBuildFile; fileRef = 0F19AA421F0D085000997F66 /* main.m */; };
		0F19AA461F0D085000997F66 /* AppDelegate.m in Sources */ = {isa = PBXBuildFile; fileRef = 0F19AA451F0D085000997F66 /* AppDelegate.m */; };
		0F19AA491F0D085000997F66 /* ViewController.m in Sources */ = {isa = PBXBuildFile; fileRef = 0F19AA481F0D085000997F66 /* ViewController.m */; };
		0F19AA4C1F0D085000997F66 /* Main.storyboard in Resources */ = {isa = PBXBuildFile; fileRef = 0F19AA4A1F0D085000997F66 /* Main.storyboard */; };
		0F19AA4E1F0D085000997F66 /* Assets.xcassets in Resources */ = {isa = PBXBuildFile; fileRef = 0F19AA4D1F0D085000997F66 /* Assets.xcassets */; };
		0F19AA511F0D085000997F66 /* LaunchScreen.storyboard in Resources */ = {isa = PBXBuildFile; fileRef = 0F19AA4F1F0D085000997F66 /* LaunchScreen.storyboard */; };
		0F19AA5C1F0D085000997F66 /* _98SalesGoodsTests.m in Sources */ = {isa = PBXBuildFile; fileRef = 0F19AA5B1F0D085000997F66 /* _98SalesGoodsTests.m */; };
		0F19AA671F0D085100997F66 /* _98SalesGoodsUITests.m in Sources */ = {isa = PBXBuildFile; fileRef = 0F19AA661F0D085100997F66 /* _98SalesGoodsUITests.m */; };
		0F1DA7211F42816400595405 /* MineInfoViewCell.m in Sources */ = {isa = PBXBuildFile; fileRef = 0F1DA71E1F42816400595405 /* MineInfoViewCell.m */; };
		0F1DA7221F42816400595405 /* MineTermViewCell.m in Sources */ = {isa = PBXBuildFile; fileRef = 0F1DA7201F42816400595405 /* MineTermViewCell.m */; };
		0F1DA7251F4283CE00595405 /* MineGroup.m in Sources */ = {isa = PBXBuildFile; fileRef = 0F1DA7241F4283CE00595405 /* MineGroup.m */; };
		0F1DA7281F42847400595405 /* MineItem.m in Sources */ = {isa = PBXBuildFile; fileRef = 0F1DA7271F42847400595405 /* MineItem.m */; };
		0F1DA72E1F42863100595405 /* 地址.png in Resources */ = {isa = PBXBuildFile; fileRef = 0F1DA7291F42863100595405 /* 地址.png */; };
		0F1DA72F1F42863100595405 /* 订单.png in Resources */ = {isa = PBXBuildFile; fileRef = 0F1DA72A1F42863100595405 /* 订单.png */; };
		0F1DA7301F42863100595405 /* 二维码.png in Resources */ = {isa = PBXBuildFile; fileRef = 0F1DA72B1F42863100595405 /* 二维码.png */; };
		0F1DA7311F42863100595405 /* 积分.png in Resources */ = {isa = PBXBuildFile; fileRef = 0F1DA72C1F42863100595405 /* 积分.png */; };
		0F1DA7321F42863100595405 /* 客户.png in Resources */ = {isa = PBXBuildFile; fileRef = 0F1DA72D1F42863100595405 /* 客户.png */; };
		0F1DA7341F428C3200595405 /* img_line@2x.png in Resources */ = {isa = PBXBuildFile; fileRef = 0F1DA7331F428C3200595405 /* img_line@2x.png */; };
		0F1DA7361F428C5C00595405 /* setting.png in Resources */ = {isa = PBXBuildFile; fileRef = 0F1DA7351F428C5C00595405 /* setting.png */; };
		0F1DA73D1F4293A400595405 /* MBProgressHUD+MJ.m in Sources */ = {isa = PBXBuildFile; fileRef = 0F1DA7391F4293A400595405 /* MBProgressHUD+MJ.m */; };
		0F1DA73E1F4293A400595405 /* MBProgressHUD.bundle in Resources */ = {isa = PBXBuildFile; fileRef = 0F1DA73A1F4293A400595405 /* MBProgressHUD.bundle */; };
		0F1DA73F1F4293A400595405 /* MBProgressHUD.m in Sources */ = {isa = PBXBuildFile; fileRef = 0F1DA73C1F4293A400595405 /* MBProgressHUD.m */; };
		0F1DA7611F4293AC00595405 /* LICENSE in Resources */ = {isa = PBXBuildFile; fileRef = 0F1DA7411F4293AC00595405 /* LICENSE */; };
		0F1DA7621F4293AC00595405 /* README.md in Sources */ = {isa = PBXBuildFile; fileRef = 0F1DA7421F4293AC00595405 /* README.md */; };
		0F1DA7631F4293AC00595405 /* NSData+ImageContentType.m in Sources */ = {isa = PBXBuildFile; fileRef = 0F1DA7451F4293AC00595405 /* NSData+ImageContentType.m */; };
		0F1DA7641F4293AC00595405 /* SDImageCache.m in Sources */ = {isa = PBXBuildFile; fileRef = 0F1DA7471F4293AC00595405 /* SDImageCache.m */; };
		0F1DA7651F4293AC00595405 /* SDWebImageCompat.m in Sources */ = {isa = PBXBuildFile; fileRef = 0F1DA7491F4293AC00595405 /* SDWebImageCompat.m */; };
		0F1DA7661F4293AC00595405 /* SDWebImageDecoder.m in Sources */ = {isa = PBXBuildFile; fileRef = 0F1DA74B1F4293AC00595405 /* SDWebImageDecoder.m */; };
		0F1DA7671F4293AC00595405 /* SDWebImageDownloader.m in Sources */ = {isa = PBXBuildFile; fileRef = 0F1DA74D1F4293AC00595405 /* SDWebImageDownloader.m */; };
		0F1DA7681F4293AC00595405 /* SDWebImageDownloaderOperation.m in Sources */ = {isa = PBXBuildFile; fileRef = 0F1DA74F1F4293AC00595405 /* SDWebImageDownloaderOperation.m */; };
		0F1DA7691F4293AC00595405 /* SDWebImageManager.m in Sources */ = {isa = PBXBuildFile; fileRef = 0F1DA7511F4293AC00595405 /* SDWebImageManager.m */; };
		0F1DA76A1F4293AC00595405 /* SDWebImagePrefetcher.m in Sources */ = {isa = PBXBuildFile; fileRef = 0F1DA7541F4293AC00595405 /* SDWebImagePrefetcher.m */; };
		0F1DA76B1F4293AC00595405 /* UIButton+WebCache.m in Sources */ = {isa = PBXBuildFile; fileRef = 0F1DA7561F4293AC00595405 /* UIButton+WebCache.m */; };
		0F1DA76C1F4293AC00595405 /* UIImage+GIF.m in Sources */ = {isa = PBXBuildFile; fileRef = 0F1DA7581F4293AC00595405 /* UIImage+GIF.m */; };
		0F1DA76D1F4293AC00595405 /* UIImage+MultiFormat.m in Sources */ = {isa = PBXBuildFile; fileRef = 0F1DA75A1F4293AC00595405 /* UIImage+MultiFormat.m */; };
		0F1DA76E1F4293AC00595405 /* UIImageView+HighlightedWebCache.m in Sources */ = {isa = PBXBuildFile; fileRef = 0F1DA75C1F4293AC00595405 /* UIImageView+HighlightedWebCache.m */; };
		0F1DA76F1F4293AC00595405 /* UIImageView+WebCache.m in Sources */ = {isa = PBXBuildFile; fileRef = 0F1DA75E1F4293AC00595405 /* UIImageView+WebCache.m */; };
		0F1DA7701F4293AC00595405 /* UIView+WebCacheOperation.m in Sources */ = {isa = PBXBuildFile; fileRef = 0F1DA7601F4293AC00595405 /* UIView+WebCacheOperation.m */; };
		0F1DA79A1F4293B400595405 /* AFHTTPRequestOperation.m in Sources */ = {isa = PBXBuildFile; fileRef = 0F1DA7741F4293B400595405 /* AFHTTPRequestOperation.m */; };
		0F1DA79B1F4293B400595405 /* AFHTTPRequestOperationManager.m in Sources */ = {isa = PBXBuildFile; fileRef = 0F1DA7761F4293B400595405 /* AFHTTPRequestOperationManager.m */; };
		0F1DA79C1F4293B400595405 /* AFHTTPSessionManager.m in Sources */ = {isa = PBXBuildFile; fileRef = 0F1DA7781F4293B400595405 /* AFHTTPSessionManager.m */; };
		0F1DA79D1F4293B400595405 /* AFNetworkReachabilityManager.m in Sources */ = {isa = PBXBuildFile; fileRef = 0F1DA77B1F4293B400595405 /* AFNetworkReachabilityManager.m */; };
		0F1DA79E1F4293B400595405 /* AFSecurityPolicy.m in Sources */ = {isa = PBXBuildFile; fileRef = 0F1DA77D1F4293B400595405 /* AFSecurityPolicy.m */; };
		0F1DA79F1F4293B400595405 /* AFURLConnectionOperation.m in Sources */ = {isa = PBXBuildFile; fileRef = 0F1DA77F1F4293B400595405 /* AFURLConnectionOperation.m */; };
		0F1DA7A01F4293B400595405 /* AFURLRequestSerialization.m in Sources */ = {isa = PBXBuildFile; fileRef = 0F1DA7811F4293B400595405 /* AFURLRequestSerialization.m */; };
		0F1DA7A11F4293B400595405 /* AFURLResponseSerialization.m in Sources */ = {isa = PBXBuildFile; fileRef = 0F1DA7831F4293B400595405 /* AFURLResponseSerialization.m */; };
		0F1DA7A21F4293B400595405 /* AFURLSessionManager.m in Sources */ = {isa = PBXBuildFile; fileRef = 0F1DA7851F4293B400595405 /* AFURLSessionManager.m */; };
		0F1DA7A31F4293B400595405 /* LICENSE in Resources */ = {isa = PBXBuildFile; fileRef = 0F1DA7861F4293B400595405 /* LICENSE */; };
		0F1DA7A41F4293B400595405 /* README.md in Sources */ = {isa = PBXBuildFile; fileRef = 0F1DA7871F4293B400595405 /* README.md */; };
		0F1DA7A51F4293B400595405 /* AFNetworkActivityIndicatorManager.m in Sources */ = {isa = PBXBuildFile; fileRef = 0F1DA78A1F4293B400595405 /* AFNetworkActivityIndicatorManager.m */; };
		0F1DA7A61F4293B400595405 /* UIActivityIndicatorView+AFNetworking.m in Sources */ = {isa = PBXBuildFile; fileRef = 0F1DA78C1F4293B400595405 /* UIActivityIndicatorView+AFNetworking.m */; };
		0F1DA7A71F4293B400595405 /* UIAlertView+AFNetworking.m in Sources */ = {isa = PBXBuildFile; fileRef = 0F1DA78E1F4293B400595405 /* UIAlertView+AFNetworking.m */; };
		0F1DA7A81F4293B400595405 /* UIButton+AFNetworking.m in Sources */ = {isa = PBXBuildFile; fileRef = 0F1DA7901F4293B400595405 /* UIButton+AFNetworking.m */; };
		0F1DA7A91F4293B400595405 /* UIImageView+AFNetworking.m in Sources */ = {isa = PBXBuildFile; fileRef = 0F1DA7921F4293B400595405 /* UIImageView+AFNetworking.m */; };
		0F1DA7AA1F4293B400595405 /* UIProgressView+AFNetworking.m in Sources */ = {isa = PBXBuildFile; fileRef = 0F1DA7951F4293B400595405 /* UIProgressView+AFNetworking.m */; };
		0F1DA7AB1F4293B400595405 /* UIRefreshControl+AFNetworking.m in Sources */ = {isa = PBXBuildFile; fileRef = 0F1DA7971F4293B400595405 /* UIRefreshControl+AFNetworking.m */; };
		0F1DA7AC1F4293B400595405 /* UIWebView+AFNetworking.m in Sources */ = {isa = PBXBuildFile; fileRef = 0F1DA7991F4293B400595405 /* UIWebView+AFNetworking.m */; };
		0F1DA7AF1F4293D300595405 /* NetService.m in Sources */ = {isa = PBXBuildFile; fileRef = 0F1DA7AE1F4293D300595405 /* NetService.m */; };
		0F1DA7B81F42F3AB00595405 /* MyAddressController.m in Sources */ = {isa = PBXBuildFile; fileRef = 0F1DA7B71F42F3AB00595405 /* MyAddressController.m */; };
		0F1DA7BB1F430B3F00595405 /* BaseViewController.m in Sources */ = {isa = PBXBuildFile; fileRef = 0F1DA7BA1F430B3F00595405 /* BaseViewController.m */; };
		0F1DA7BE1F430C4D00595405 /* EditAddressController.m in Sources */ = {isa = PBXBuildFile; fileRef = 0F1DA7BD1F430C4D00595405 /* EditAddressController.m */; };
		0F1DA7C11F43135A00595405 /* EditAddressViewCell.m in Sources */ = {isa = PBXBuildFile; fileRef = 0F1DA7C01F43135A00595405 /* EditAddressViewCell.m */; };
		0F1DA7C71F4315CF00595405 /* 电话.png in Resources */ = {isa = PBXBuildFile; fileRef = 0F1DA7C21F4315CF00595405 /* 电话.png */; };
		0F1DA7C81F4315CF00595405 /* 定位.png in Resources */ = {isa = PBXBuildFile; fileRef = 0F1DA7C31F4315CF00595405 /* 定位.png */; };
		0F1DA7C91F4315CF00595405 /* 通讯录.png in Resources */ = {isa = PBXBuildFile; fileRef = 0F1DA7C41F4315CF00595405 /* 通讯录.png */; };
		0F1DA7CA1F4315CF00595405 /* 详细地址.png in Resources */ = {isa = PBXBuildFile; fileRef = 0F1DA7C51F4315CF00595405 /* 详细地址.png */; };
		0F1DA7CB1F4315CF00595405 /* 邮编.png in Resources */ = {isa = PBXBuildFile; fileRef = 0F1DA7C61F4315CF00595405 /* 邮编.png */; };
		0F1DA7CE1F43171D00595405 /* Tools.m in Sources */ = {isa = PBXBuildFile; fileRef = 0F1DA7CD1F43171D00595405 /* Tools.m */; };
		0F3F6F901F39DE5E00152140 /* tabr_01_up.png in Resources */ = {isa = PBXBuildFile; fileRef = 0F3F6F8D1F39DE5E00152140 /* tabr_01_up.png */; };
		0F3F6F911F39DE5E00152140 /* tabr_01_up@2x.png in Resources */ = {isa = PBXBuildFile; fileRef = 0F3F6F8E1F39DE5E00152140 /* tabr_01_up@2x.png */; };
		0F3F6F921F39DE5E00152140 /* tabr_01_up@3x.png in Resources */ = {isa = PBXBuildFile; fileRef = 0F3F6F8F1F39DE5E00152140 /* tabr_01_up@3x.png */; };
		0F3F6F961F39DE6700152140 /* tabr_01_down.png in Resources */ = {isa = PBXBuildFile; fileRef = 0F3F6F931F39DE6700152140 /* tabr_01_down.png */; };
		0F3F6F971F39DE6700152140 /* tabr_01_down@2x.png in Resources */ = {isa = PBXBuildFile; fileRef = 0F3F6F941F39DE6700152140 /* tabr_01_down@2x.png */; };
		0F3F6F981F39DE6700152140 /* tabr_01_down@3x.png in Resources */ = {isa = PBXBuildFile; fileRef = 0F3F6F951F39DE6700152140 /* tabr_01_down@3x.png */; };
		0F3F6F9B1F39DFF800152140 /* GQGesVCTransition.m in Sources */ = {isa = PBXBuildFile; fileRef = 0F3F6F9A1F39DFF800152140 /* GQGesVCTransition.m */; };
		0F3F6F9E1F39E02500152140 /* UIBarButtonItem+DCBarButtonItem.m in Sources */ = {isa = PBXBuildFile; fileRef = 0F3F6F9D1F39E02500152140 /* UIBarButtonItem+DCBarButtonItem.m */; };
		0F3F6FA01F39E0BE00152140 /* tabr_02_up@2x.png in Resources */ = {isa = PBXBuildFile; fileRef = 0F3F6F9F1F39E0BE00152140 /* tabr_02_up@2x.png */; };
		0F3F6FA21F39E0C400152140 /* tabr_03_up@2x.png in Resources */ = {isa = PBXBuildFile; fileRef = 0F3F6FA11F39E0C400152140 /* tabr_03_up@2x.png */; };
		0F3F6FA41F39E0CB00152140 /* tabr_04_down@2x.png in Resources */ = {isa = PBXBuildFile; fileRef = 0F3F6FA31F39E0CB00152140 /* tabr_04_down@2x.png */; };
		0F3F6FA61F39E0EA00152140 /* tabr_04_up@2x.png in Resources */ = {isa = PBXBuildFile; fileRef = 0F3F6FA51F39E0EA00152140 /* tabr_04_up@2x.png */; };
		0F3F6FA81F39E0F500152140 /* tabr_05_down@2x.png in Resources */ = {isa = PBXBuildFile; fileRef = 0F3F6FA71F39E0F500152140 /* tabr_05_down@2x.png */; };
		0F3F6FAA1F39E0FC00152140 /* tabr_05_up@2x.png in Resources */ = {isa = PBXBuildFile; fileRef = 0F3F6FA91F39E0FC00152140 /* tabr_05_up@2x.png */; };
		0F3F6FAD1F39E19500152140 /* HomeViewController.m in Sources */ = {isa = PBXBuildFile; fileRef = 0F3F6FAC1F39E19500152140 /* HomeViewController.m */; };
		0F3F6FB01F39E1A900152140 /* GoodsViewController.m in Sources */ = {isa = PBXBuildFile; fileRef = 0F3F6FAF1F39E1A900152140 /* GoodsViewController.m */; };
		0F3F6FB31F39E1B200152140 /* MineViewController.m in Sources */ = {isa = PBXBuildFile; fileRef = 0F3F6FB21F39E1B200152140 /* MineViewController.m */; };
		0F520EB11F29BDB3004AFCB4 /* NSString+TextFrame.m in Sources */ = {isa = PBXBuildFile; fileRef = 0F520EAE1F29BDB3004AFCB4 /* NSString+TextFrame.m */; };
		0F520EB21F29BDB3004AFCB4 /* UIcolortool.m in Sources */ = {isa = PBXBuildFile; fileRef = 0F520EB01F29BDB3004AFCB4 /* UIcolortool.m */; };
		0F520EB51F29BEA0004AFCB4 /* UIView+APFrame.m in Sources */ = {isa = PBXBuildFile; fileRef = 0F520EB41F29BEA0004AFCB4 /* UIView+APFrame.m */; };
		0F67B17B1F3C084B000028A1 /* 1111@2x.png in Resources */ = {isa = PBXBuildFile; fileRef = 0F67B1771F3C084B000028A1 /* 1111@2x.png */; };
		0F67B17C1F3C084B000028A1 /* 2222@2x.png in Resources */ = {isa = PBXBuildFile; fileRef = 0F67B1781F3C084B000028A1 /* 2222@2x.png */; };
		0F67B17D1F3C084B000028A1 /* 3333@2x.png in Resources */ = {isa = PBXBuildFile; fileRef = 0F67B1791F3C084B000028A1 /* 3333@2x.png */; };
		0F67B17E1F3C084B000028A1 /* 4444@2x.png in Resources */ = {isa = PBXBuildFile; fileRef = 0F67B17A1F3C084B000028A1 /* 4444@2x.png */; };
		0F67B1811F3C0974000028A1 /* ToolsCollectionViewCell.m in Sources */ = {isa = PBXBuildFile; fileRef = 0F67B1801F3C0974000028A1 /* ToolsCollectionViewCell.m */; };
		0F67B1831F3C36E3000028A1 /* home_good.gif in Resources */ = {isa = PBXBuildFile; fileRef = 0F67B1821F3C36E3000028A1 /* home_good.gif */; };
		0F67B1861F3C39B3000028A1 /* GoodsShowCell.m in Sources */ = {isa = PBXBuildFile; fileRef = 0F67B1851F3C39B3000028A1 /* GoodsShowCell.m */; };
		0FC609601F3D4DF80017531E /* ShoppingCartViewController.m in Sources */ = {isa = PBXBuildFile; fileRef = 0FC6095F1F3D4DF80017531E /* ShoppingCartViewController.m */; };
		0FF685C21F28849200ED09D9 /* SalesTabController.m in Sources */ = {isa = PBXBuildFile; fileRef = 0FF685C11F28849200ED09D9 /* SalesTabController.m */; };
		0FF685C51F2884C200ED09D9 /* SalesNavgationController.m in Sources */ = {isa = PBXBuildFile; fileRef = 0FF685C41F2884C200ED09D9 /* SalesNavgationController.m */; };
		0FF685C81F28851E00ED09D9 /* SalesTabBar.m in Sources */ = {isa = PBXBuildFile; fileRef = 0FF685C71F28851E00ED09D9 /* SalesTabBar.m */; };
		BC0A43F11F41923B00A929C0 /* LoginViewController.m in Sources */ = {isa = PBXBuildFile; fileRef = BC0A43F01F41923B00A929C0 /* LoginViewController.m */; };
/* End PBXBuildFile section */

/* Begin PBXContainerItemProxy section */
		0F19AA581F0D085000997F66 /* PBXContainerItemProxy */ = {
			isa = PBXContainerItemProxy;
			containerPortal = 0F19AA361F0D085000997F66 /* Project object */;
			proxyType = 1;
			remoteGlobalIDString = 0F19AA3D1F0D085000997F66;
			remoteInfo = 198SalesGoods;
		};
		0F19AA631F0D085000997F66 /* PBXContainerItemProxy */ = {
			isa = PBXContainerItemProxy;
			containerPortal = 0F19AA361F0D085000997F66 /* Project object */;
			proxyType = 1;
			remoteGlobalIDString = 0F19AA3D1F0D085000997F66;
			remoteInfo = 198SalesGoods;
		};
/* End PBXContainerItemProxy section */

/* Begin PBXFileReference section */
		0F19AA3E1F0D085000997F66 /* 198SalesGoods.app */ = {isa = PBXFileReference; explicitFileType = wrapper.application; includeInIndex = 0; path = 198SalesGoods.app; sourceTree = BUILT_PRODUCTS_DIR; };
		0F19AA421F0D085000997F66 /* main.m */ = {isa = PBXFileReference; lastKnownFileType = sourcecode.c.objc; path = main.m; sourceTree = "<group>"; };
		0F19AA441F0D085000997F66 /* AppDelegate.h */ = {isa = PBXFileReference; lastKnownFileType = sourcecode.c.h; path = AppDelegate.h; sourceTree = "<group>"; };
		0F19AA451F0D085000997F66 /* AppDelegate.m */ = {isa = PBXFileReference; lastKnownFileType = sourcecode.c.objc; path = AppDelegate.m; sourceTree = "<group>"; };
		0F19AA471F0D085000997F66 /* ViewController.h */ = {isa = PBXFileReference; lastKnownFileType = sourcecode.c.h; path = ViewController.h; sourceTree = "<group>"; };
		0F19AA481F0D085000997F66 /* ViewController.m */ = {isa = PBXFileReference; lastKnownFileType = sourcecode.c.objc; path = ViewController.m; sourceTree = "<group>"; };
		0F19AA4B1F0D085000997F66 /* Base */ = {isa = PBXFileReference; lastKnownFileType = file.storyboard; name = Base; path = Base.lproj/Main.storyboard; sourceTree = "<group>"; };
		0F19AA4D1F0D085000997F66 /* Assets.xcassets */ = {isa = PBXFileReference; lastKnownFileType = folder.assetcatalog; path = Assets.xcassets; sourceTree = "<group>"; };
		0F19AA501F0D085000997F66 /* Base */ = {isa = PBXFileReference; lastKnownFileType = file.storyboard; name = Base; path = Base.lproj/LaunchScreen.storyboard; sourceTree = "<group>"; };
		0F19AA521F0D085000997F66 /* Info.plist */ = {isa = PBXFileReference; lastKnownFileType = text.plist.xml; path = Info.plist; sourceTree = "<group>"; };
		0F19AA571F0D085000997F66 /* 198SalesGoodsTests.xctest */ = {isa = PBXFileReference; explicitFileType = wrapper.cfbundle; includeInIndex = 0; path = 198SalesGoodsTests.xctest; sourceTree = BUILT_PRODUCTS_DIR; };
		0F19AA5B1F0D085000997F66 /* _98SalesGoodsTests.m */ = {isa = PBXFileReference; lastKnownFileType = sourcecode.c.objc; path = _98SalesGoodsTests.m; sourceTree = "<group>"; };
		0F19AA5D1F0D085000997F66 /* Info.plist */ = {isa = PBXFileReference; lastKnownFileType = text.plist.xml; path = Info.plist; sourceTree = "<group>"; };
		0F19AA621F0D085000997F66 /* 198SalesGoodsUITests.xctest */ = {isa = PBXFileReference; explicitFileType = wrapper.cfbundle; includeInIndex = 0; path = 198SalesGoodsUITests.xctest; sourceTree = BUILT_PRODUCTS_DIR; };
		0F19AA661F0D085100997F66 /* _98SalesGoodsUITests.m */ = {isa = PBXFileReference; lastKnownFileType = sourcecode.c.objc; path = _98SalesGoodsUITests.m; sourceTree = "<group>"; };
		0F19AA681F0D085100997F66 /* Info.plist */ = {isa = PBXFileReference; lastKnownFileType = text.plist.xml; path = Info.plist; sourceTree = "<group>"; };
		0F1DA71D1F42816400595405 /* MineInfoViewCell.h */ = {isa = PBXFileReference; fileEncoding = 4; lastKnownFileType = sourcecode.c.h; path = MineInfoViewCell.h; sourceTree = "<group>"; };
		0F1DA71E1F42816400595405 /* MineInfoViewCell.m */ = {isa = PBXFileReference; fileEncoding = 4; lastKnownFileType = sourcecode.c.objc; path = MineInfoViewCell.m; sourceTree = "<group>"; };
		0F1DA71F1F42816400595405 /* MineTermViewCell.h */ = {isa = PBXFileReference; fileEncoding = 4; lastKnownFileType = sourcecode.c.h; path = MineTermViewCell.h; sourceTree = "<group>"; };
		0F1DA7201F42816400595405 /* MineTermViewCell.m */ = {isa = PBXFileReference; fileEncoding = 4; lastKnownFileType = sourcecode.c.objc; path = MineTermViewCell.m; sourceTree = "<group>"; };
		0F1DA7231F4283CE00595405 /* MineGroup.h */ = {isa = PBXFileReference; fileEncoding = 4; lastKnownFileType = sourcecode.c.h; path = MineGroup.h; sourceTree = "<group>"; };
		0F1DA7241F4283CE00595405 /* MineGroup.m */ = {isa = PBXFileReference; fileEncoding = 4; lastKnownFileType = sourcecode.c.objc; path = MineGroup.m; sourceTree = "<group>"; };
		0F1DA7261F42847400595405 /* MineItem.h */ = {isa = PBXFileReference; fileEncoding = 4; lastKnownFileType = sourcecode.c.h; path = MineItem.h; sourceTree = "<group>"; };
		0F1DA7271F42847400595405 /* MineItem.m */ = {isa = PBXFileReference; fileEncoding = 4; lastKnownFileType = sourcecode.c.objc; path = MineItem.m; sourceTree = "<group>"; };
		0F1DA7291F42863100595405 /* 地址.png */ = {isa = PBXFileReference; lastKnownFileType = image.png; path = "地址.png"; sourceTree = "<group>"; };
		0F1DA72A1F42863100595405 /* 订单.png */ = {isa = PBXFileReference; lastKnownFileType = image.png; path = "订单.png"; sourceTree = "<group>"; };
		0F1DA72B1F42863100595405 /* 二维码.png */ = {isa = PBXFileReference; lastKnownFileType = image.png; path = "二维码.png"; sourceTree = "<group>"; };
		0F1DA72C1F42863100595405 /* 积分.png */ = {isa = PBXFileReference; lastKnownFileType = image.png; path = "积分.png"; sourceTree = "<group>"; };
		0F1DA72D1F42863100595405 /* 客户.png */ = {isa = PBXFileReference; lastKnownFileType = image.png; path = "客户.png"; sourceTree = "<group>"; };
		0F1DA7331F428C3200595405 /* img_line@2x.png */ = {isa = PBXFileReference; lastKnownFileType = image.png; path = "img_line@2x.png"; sourceTree = "<group>"; };
		0F1DA7351F428C5C00595405 /* setting.png */ = {isa = PBXFileReference; lastKnownFileType = image.png; path = setting.png; sourceTree = "<group>"; };
		0F1DA7381F4293A400595405 /* MBProgressHUD+MJ.h */ = {isa = PBXFileReference; fileEncoding = 4; lastKnownFileType = sourcecode.c.h; path = "MBProgressHUD+MJ.h"; sourceTree = "<group>"; };
		0F1DA7391F4293A400595405 /* MBProgressHUD+MJ.m */ = {isa = PBXFileReference; fileEncoding = 4; lastKnownFileType = sourcecode.c.objc; path = "MBProgressHUD+MJ.m"; sourceTree = "<group>"; };
		0F1DA73A1F4293A400595405 /* MBProgressHUD.bundle */ = {isa = PBXFileReference; lastKnownFileType = "wrapper.plug-in"; path = MBProgressHUD.bundle; sourceTree = "<group>"; };
		0F1DA73B1F4293A400595405 /* MBProgressHUD.h */ = {isa = PBXFileReference; fileEncoding = 4; lastKnownFileType = sourcecode.c.h; path = MBProgressHUD.h; sourceTree = "<group>"; };
		0F1DA73C1F4293A400595405 /* MBProgressHUD.m */ = {isa = PBXFileReference; fileEncoding = 4; lastKnownFileType = sourcecode.c.objc; path = MBProgressHUD.m; sourceTree = "<group>"; };
		0F1DA7411F4293AC00595405 /* LICENSE */ = {isa = PBXFileReference; fileEncoding = 4; lastKnownFileType = text; path = LICENSE; sourceTree = "<group>"; };
		0F1DA7421F4293AC00595405 /* README.md */ = {isa = PBXFileReference; fileEncoding = 4; lastKnownFileType = net.daringfireball.markdown; path = README.md; sourceTree = "<group>"; };
		0F1DA7441F4293AC00595405 /* NSData+ImageContentType.h */ = {isa = PBXFileReference; fileEncoding = 4; lastKnownFileType = sourcecode.c.h; path = "NSData+ImageContentType.h"; sourceTree = "<group>"; };
		0F1DA7451F4293AC00595405 /* NSData+ImageContentType.m */ = {isa = PBXFileReference; fileEncoding = 4; lastKnownFileType = sourcecode.c.objc; path = "NSData+ImageContentType.m"; sourceTree = "<group>"; };
		0F1DA7461F4293AC00595405 /* SDImageCache.h */ = {isa = PBXFileReference; fileEncoding = 4; lastKnownFileType = sourcecode.c.h; path = SDImageCache.h; sourceTree = "<group>"; };
		0F1DA7471F4293AC00595405 /* SDImageCache.m */ = {isa = PBXFileReference; fileEncoding = 4; lastKnownFileType = sourcecode.c.objc; path = SDImageCache.m; sourceTree = "<group>"; };
		0F1DA7481F4293AC00595405 /* SDWebImageCompat.h */ = {isa = PBXFileReference; fileEncoding = 4; lastKnownFileType = sourcecode.c.h; path = SDWebImageCompat.h; sourceTree = "<group>"; };
		0F1DA7491F4293AC00595405 /* SDWebImageCompat.m */ = {isa = PBXFileReference; fileEncoding = 4; lastKnownFileType = sourcecode.c.objc; path = SDWebImageCompat.m; sourceTree = "<group>"; };
		0F1DA74A1F4293AC00595405 /* SDWebImageDecoder.h */ = {isa = PBXFileReference; fileEncoding = 4; lastKnownFileType = sourcecode.c.h; path = SDWebImageDecoder.h; sourceTree = "<group>"; };
		0F1DA74B1F4293AC00595405 /* SDWebImageDecoder.m */ = {isa = PBXFileReference; fileEncoding = 4; lastKnownFileType = sourcecode.c.objc; path = SDWebImageDecoder.m; sourceTree = "<group>"; };
		0F1DA74C1F4293AC00595405 /* SDWebImageDownloader.h */ = {isa = PBXFileReference; fileEncoding = 4; lastKnownFileType = sourcecode.c.h; path = SDWebImageDownloader.h; sourceTree = "<group>"; };
		0F1DA74D1F4293AC00595405 /* SDWebImageDownloader.m */ = {isa = PBXFileReference; fileEncoding = 4; lastKnownFileType = sourcecode.c.objc; path = SDWebImageDownloader.m; sourceTree = "<group>"; };
		0F1DA74E1F4293AC00595405 /* SDWebImageDownloaderOperation.h */ = {isa = PBXFileReference; fileEncoding = 4; lastKnownFileType = sourcecode.c.h; path = SDWebImageDownloaderOperation.h; sourceTree = "<group>"; };
		0F1DA74F1F4293AC00595405 /* SDWebImageDownloaderOperation.m */ = {isa = PBXFileReference; fileEncoding = 4; lastKnownFileType = sourcecode.c.objc; path = SDWebImageDownloaderOperation.m; sourceTree = "<group>"; };
		0F1DA7501F4293AC00595405 /* SDWebImageManager.h */ = {isa = PBXFileReference; fileEncoding = 4; lastKnownFileType = sourcecode.c.h; path = SDWebImageManager.h; sourceTree = "<group>"; };
		0F1DA7511F4293AC00595405 /* SDWebImageManager.m */ = {isa = PBXFileReference; fileEncoding = 4; lastKnownFileType = sourcecode.c.objc; path = SDWebImageManager.m; sourceTree = "<group>"; };
		0F1DA7521F4293AC00595405 /* SDWebImageOperation.h */ = {isa = PBXFileReference; fileEncoding = 4; lastKnownFileType = sourcecode.c.h; path = SDWebImageOperation.h; sourceTree = "<group>"; };
		0F1DA7531F4293AC00595405 /* SDWebImagePrefetcher.h */ = {isa = PBXFileReference; fileEncoding = 4; lastKnownFileType = sourcecode.c.h; path = SDWebImagePrefetcher.h; sourceTree = "<group>"; };
		0F1DA7541F4293AC00595405 /* SDWebImagePrefetcher.m */ = {isa = PBXFileReference; fileEncoding = 4; lastKnownFileType = sourcecode.c.objc; path = SDWebImagePrefetcher.m; sourceTree = "<group>"; };
		0F1DA7551F4293AC00595405 /* UIButton+WebCache.h */ = {isa = PBXFileReference; fileEncoding = 4; lastKnownFileType = sourcecode.c.h; path = "UIButton+WebCache.h"; sourceTree = "<group>"; };
		0F1DA7561F4293AC00595405 /* UIButton+WebCache.m */ = {isa = PBXFileReference; fileEncoding = 4; lastKnownFileType = sourcecode.c.objc; path = "UIButton+WebCache.m"; sourceTree = "<group>"; };
		0F1DA7571F4293AC00595405 /* UIImage+GIF.h */ = {isa = PBXFileReference; fileEncoding = 4; lastKnownFileType = sourcecode.c.h; path = "UIImage+GIF.h"; sourceTree = "<group>"; };
		0F1DA7581F4293AC00595405 /* UIImage+GIF.m */ = {isa = PBXFileReference; fileEncoding = 4; lastKnownFileType = sourcecode.c.objc; path = "UIImage+GIF.m"; sourceTree = "<group>"; };
		0F1DA7591F4293AC00595405 /* UIImage+MultiFormat.h */ = {isa = PBXFileReference; fileEncoding = 4; lastKnownFileType = sourcecode.c.h; path = "UIImage+MultiFormat.h"; sourceTree = "<group>"; };
		0F1DA75A1F4293AC00595405 /* UIImage+MultiFormat.m */ = {isa = PBXFileReference; fileEncoding = 4; lastKnownFileType = sourcecode.c.objc; path = "UIImage+MultiFormat.m"; sourceTree = "<group>"; };
		0F1DA75B1F4293AC00595405 /* UIImageView+HighlightedWebCache.h */ = {isa = PBXFileReference; fileEncoding = 4; lastKnownFileType = sourcecode.c.h; path = "UIImageView+HighlightedWebCache.h"; sourceTree = "<group>"; };
		0F1DA75C1F4293AC00595405 /* UIImageView+HighlightedWebCache.m */ = {isa = PBXFileReference; fileEncoding = 4; lastKnownFileType = sourcecode.c.objc; path = "UIImageView+HighlightedWebCache.m"; sourceTree = "<group>"; };
		0F1DA75D1F4293AC00595405 /* UIImageView+WebCache.h */ = {isa = PBXFileReference; fileEncoding = 4; lastKnownFileType = sourcecode.c.h; path = "UIImageView+WebCache.h"; sourceTree = "<group>"; };
		0F1DA75E1F4293AC00595405 /* UIImageView+WebCache.m */ = {isa = PBXFileReference; fileEncoding = 4; lastKnownFileType = sourcecode.c.objc; path = "UIImageView+WebCache.m"; sourceTree = "<group>"; };
		0F1DA75F1F4293AC00595405 /* UIView+WebCacheOperation.h */ = {isa = PBXFileReference; fileEncoding = 4; lastKnownFileType = sourcecode.c.h; path = "UIView+WebCacheOperation.h"; sourceTree = "<group>"; };
		0F1DA7601F4293AC00595405 /* UIView+WebCacheOperation.m */ = {isa = PBXFileReference; fileEncoding = 4; lastKnownFileType = sourcecode.c.objc; path = "UIView+WebCacheOperation.m"; sourceTree = "<group>"; };
		0F1DA7731F4293B400595405 /* AFHTTPRequestOperation.h */ = {isa = PBXFileReference; fileEncoding = 4; lastKnownFileType = sourcecode.c.h; path = AFHTTPRequestOperation.h; sourceTree = "<group>"; };
		0F1DA7741F4293B400595405 /* AFHTTPRequestOperation.m */ = {isa = PBXFileReference; fileEncoding = 4; lastKnownFileType = sourcecode.c.objc; path = AFHTTPRequestOperation.m; sourceTree = "<group>"; };
		0F1DA7751F4293B400595405 /* AFHTTPRequestOperationManager.h */ = {isa = PBXFileReference; fileEncoding = 4; lastKnownFileType = sourcecode.c.h; path = AFHTTPRequestOperationManager.h; sourceTree = "<group>"; };
		0F1DA7761F4293B400595405 /* AFHTTPRequestOperationManager.m */ = {isa = PBXFileReference; fileEncoding = 4; lastKnownFileType = sourcecode.c.objc; path = AFHTTPRequestOperationManager.m; sourceTree = "<group>"; };
		0F1DA7771F4293B400595405 /* AFHTTPSessionManager.h */ = {isa = PBXFileReference; fileEncoding = 4; lastKnownFileType = sourcecode.c.h; path = AFHTTPSessionManager.h; sourceTree = "<group>"; };
		0F1DA7781F4293B400595405 /* AFHTTPSessionManager.m */ = {isa = PBXFileReference; fileEncoding = 4; lastKnownFileType = sourcecode.c.objc; path = AFHTTPSessionManager.m; sourceTree = "<group>"; };
		0F1DA7791F4293B400595405 /* AFNetworking.h */ = {isa = PBXFileReference; fileEncoding = 4; lastKnownFileType = sourcecode.c.h; path = AFNetworking.h; sourceTree = "<group>"; };
		0F1DA77A1F4293B400595405 /* AFNetworkReachabilityManager.h */ = {isa = PBXFileReference; fileEncoding = 4; lastKnownFileType = sourcecode.c.h; path = AFNetworkReachabilityManager.h; sourceTree = "<group>"; };
		0F1DA77B1F4293B400595405 /* AFNetworkReachabilityManager.m */ = {isa = PBXFileReference; fileEncoding = 4; lastKnownFileType = sourcecode.c.objc; path = AFNetworkReachabilityManager.m; sourceTree = "<group>"; };
		0F1DA77C1F4293B400595405 /* AFSecurityPolicy.h */ = {isa = PBXFileReference; fileEncoding = 4; lastKnownFileType = sourcecode.c.h; path = AFSecurityPolicy.h; sourceTree = "<group>"; };
		0F1DA77D1F4293B400595405 /* AFSecurityPolicy.m */ = {isa = PBXFileReference; fileEncoding = 4; lastKnownFileType = sourcecode.c.objc; path = AFSecurityPolicy.m; sourceTree = "<group>"; };
		0F1DA77E1F4293B400595405 /* AFURLConnectionOperation.h */ = {isa = PBXFileReference; fileEncoding = 4; lastKnownFileType = sourcecode.c.h; path = AFURLConnectionOperation.h; sourceTree = "<group>"; };
		0F1DA77F1F4293B400595405 /* AFURLConnectionOperation.m */ = {isa = PBXFileReference; fileEncoding = 4; lastKnownFileType = sourcecode.c.objc; path = AFURLConnectionOperation.m; sourceTree = "<group>"; };
		0F1DA7801F4293B400595405 /* AFURLRequestSerialization.h */ = {isa = PBXFileReference; fileEncoding = 4; lastKnownFileType = sourcecode.c.h; path = AFURLRequestSerialization.h; sourceTree = "<group>"; };
		0F1DA7811F4293B400595405 /* AFURLRequestSerialization.m */ = {isa = PBXFileReference; fileEncoding = 4; lastKnownFileType = sourcecode.c.objc; path = AFURLRequestSerialization.m; sourceTree = "<group>"; };
		0F1DA7821F4293B400595405 /* AFURLResponseSerialization.h */ = {isa = PBXFileReference; fileEncoding = 4; lastKnownFileType = sourcecode.c.h; path = AFURLResponseSerialization.h; sourceTree = "<group>"; };
		0F1DA7831F4293B400595405 /* AFURLResponseSerialization.m */ = {isa = PBXFileReference; fileEncoding = 4; lastKnownFileType = sourcecode.c.objc; path = AFURLResponseSerialization.m; sourceTree = "<group>"; };
		0F1DA7841F4293B400595405 /* AFURLSessionManager.h */ = {isa = PBXFileReference; fileEncoding = 4; lastKnownFileType = sourcecode.c.h; path = AFURLSessionManager.h; sourceTree = "<group>"; };
		0F1DA7851F4293B400595405 /* AFURLSessionManager.m */ = {isa = PBXFileReference; fileEncoding = 4; lastKnownFileType = sourcecode.c.objc; path = AFURLSessionManager.m; sourceTree = "<group>"; };
		0F1DA7861F4293B400595405 /* LICENSE */ = {isa = PBXFileReference; fileEncoding = 4; lastKnownFileType = text; path = LICENSE; sourceTree = "<group>"; };
		0F1DA7871F4293B400595405 /* README.md */ = {isa = PBXFileReference; fileEncoding = 4; lastKnownFileType = net.daringfireball.markdown; path = README.md; sourceTree = "<group>"; };
		0F1DA7891F4293B400595405 /* AFNetworkActivityIndicatorManager.h */ = {isa = PBXFileReference; fileEncoding = 4; lastKnownFileType = sourcecode.c.h; path = AFNetworkActivityIndicatorManager.h; sourceTree = "<group>"; };
		0F1DA78A1F4293B400595405 /* AFNetworkActivityIndicatorManager.m */ = {isa = PBXFileReference; fileEncoding = 4; lastKnownFileType = sourcecode.c.objc; path = AFNetworkActivityIndicatorManager.m; sourceTree = "<group>"; };
		0F1DA78B1F4293B400595405 /* UIActivityIndicatorView+AFNetworking.h */ = {isa = PBXFileReference; fileEncoding = 4; lastKnownFileType = sourcecode.c.h; path = "UIActivityIndicatorView+AFNetworking.h"; sourceTree = "<group>"; };
		0F1DA78C1F4293B400595405 /* UIActivityIndicatorView+AFNetworking.m */ = {isa = PBXFileReference; fileEncoding = 4; lastKnownFileType = sourcecode.c.objc; path = "UIActivityIndicatorView+AFNetworking.m"; sourceTree = "<group>"; };
		0F1DA78D1F4293B400595405 /* UIAlertView+AFNetworking.h */ = {isa = PBXFileReference; fileEncoding = 4; lastKnownFileType = sourcecode.c.h; path = "UIAlertView+AFNetworking.h"; sourceTree = "<group>"; };
		0F1DA78E1F4293B400595405 /* UIAlertView+AFNetworking.m */ = {isa = PBXFileReference; fileEncoding = 4; lastKnownFileType = sourcecode.c.objc; path = "UIAlertView+AFNetworking.m"; sourceTree = "<group>"; };
		0F1DA78F1F4293B400595405 /* UIButton+AFNetworking.h */ = {isa = PBXFileReference; fileEncoding = 4; lastKnownFileType = sourcecode.c.h; path = "UIButton+AFNetworking.h"; sourceTree = "<group>"; };
		0F1DA7901F4293B400595405 /* UIButton+AFNetworking.m */ = {isa = PBXFileReference; fileEncoding = 4; lastKnownFileType = sourcecode.c.objc; path = "UIButton+AFNetworking.m"; sourceTree = "<group>"; };
		0F1DA7911F4293B400595405 /* UIImageView+AFNetworking.h */ = {isa = PBXFileReference; fileEncoding = 4; lastKnownFileType = sourcecode.c.h; path = "UIImageView+AFNetworking.h"; sourceTree = "<group>"; };
		0F1DA7921F4293B400595405 /* UIImageView+AFNetworking.m */ = {isa = PBXFileReference; fileEncoding = 4; lastKnownFileType = sourcecode.c.objc; path = "UIImageView+AFNetworking.m"; sourceTree = "<group>"; };
		0F1DA7931F4293B400595405 /* UIKit+AFNetworking.h */ = {isa = PBXFileReference; fileEncoding = 4; lastKnownFileType = sourcecode.c.h; path = "UIKit+AFNetworking.h"; sourceTree = "<group>"; };
		0F1DA7941F4293B400595405 /* UIProgressView+AFNetworking.h */ = {isa = PBXFileReference; fileEncoding = 4; lastKnownFileType = sourcecode.c.h; path = "UIProgressView+AFNetworking.h"; sourceTree = "<group>"; };
		0F1DA7951F4293B400595405 /* UIProgressView+AFNetworking.m */ = {isa = PBXFileReference; fileEncoding = 4; lastKnownFileType = sourcecode.c.objc; path = "UIProgressView+AFNetworking.m"; sourceTree = "<group>"; };
		0F1DA7961F4293B400595405 /* UIRefreshControl+AFNetworking.h */ = {isa = PBXFileReference; fileEncoding = 4; lastKnownFileType = sourcecode.c.h; path = "UIRefreshControl+AFNetworking.h"; sourceTree = "<group>"; };
		0F1DA7971F4293B400595405 /* UIRefreshControl+AFNetworking.m */ = {isa = PBXFileReference; fileEncoding = 4; lastKnownFileType = sourcecode.c.objc; path = "UIRefreshControl+AFNetworking.m"; sourceTree = "<group>"; };
		0F1DA7981F4293B400595405 /* UIWebView+AFNetworking.h */ = {isa = PBXFileReference; fileEncoding = 4; lastKnownFileType = sourcecode.c.h; path = "UIWebView+AFNetworking.h"; sourceTree = "<group>"; };
		0F1DA7991F4293B400595405 /* UIWebView+AFNetworking.m */ = {isa = PBXFileReference; fileEncoding = 4; lastKnownFileType = sourcecode.c.objc; path = "UIWebView+AFNetworking.m"; sourceTree = "<group>"; };
		0F1DA7AD1F4293D300595405 /* NetService.h */ = {isa = PBXFileReference; fileEncoding = 4; lastKnownFileType = sourcecode.c.h; path = NetService.h; sourceTree = "<group>"; };
		0F1DA7AE1F4293D300595405 /* NetService.m */ = {isa = PBXFileReference; fileEncoding = 4; lastKnownFileType = sourcecode.c.objc; path = NetService.m; sourceTree = "<group>"; };
		0F1DA7B61F42F3AB00595405 /* MyAddressController.h */ = {isa = PBXFileReference; fileEncoding = 4; lastKnownFileType = sourcecode.c.h; path = MyAddressController.h; sourceTree = "<group>"; };
		0F1DA7B71F42F3AB00595405 /* MyAddressController.m */ = {isa = PBXFileReference; fileEncoding = 4; lastKnownFileType = sourcecode.c.objc; path = MyAddressController.m; sourceTree = "<group>"; };
		0F1DA7B91F430B3F00595405 /* BaseViewController.h */ = {isa = PBXFileReference; fileEncoding = 4; lastKnownFileType = sourcecode.c.h; name = BaseViewController.h; path = ../Login/BaseViewController.h; sourceTree = "<group>"; };
		0F1DA7BA1F430B3F00595405 /* BaseViewController.m */ = {isa = PBXFileReference; fileEncoding = 4; lastKnownFileType = sourcecode.c.objc; name = BaseViewController.m; path = ../Login/BaseViewController.m; sourceTree = "<group>"; };
		0F1DA7BC1F430C4D00595405 /* EditAddressController.h */ = {isa = PBXFileReference; fileEncoding = 4; lastKnownFileType = sourcecode.c.h; path = EditAddressController.h; sourceTree = "<group>"; };
		0F1DA7BD1F430C4D00595405 /* EditAddressController.m */ = {isa = PBXFileReference; fileEncoding = 4; lastKnownFileType = sourcecode.c.objc; path = EditAddressController.m; sourceTree = "<group>"; };
		0F1DA7BF1F43135A00595405 /* EditAddressViewCell.h */ = {isa = PBXFileReference; fileEncoding = 4; lastKnownFileType = sourcecode.c.h; path = EditAddressViewCell.h; sourceTree = "<group>"; };
		0F1DA7C01F43135A00595405 /* EditAddressViewCell.m */ = {isa = PBXFileReference; fileEncoding = 4; lastKnownFileType = sourcecode.c.objc; path = EditAddressViewCell.m; sourceTree = "<group>"; };
		0F1DA7C21F4315CF00595405 /* 电话.png */ = {isa = PBXFileReference; lastKnownFileType = image.png; path = "电话.png"; sourceTree = "<group>"; };
		0F1DA7C31F4315CF00595405 /* 定位.png */ = {isa = PBXFileReference; lastKnownFileType = image.png; path = "定位.png"; sourceTree = "<group>"; };
		0F1DA7C41F4315CF00595405 /* 通讯录.png */ = {isa = PBXFileReference; lastKnownFileType = image.png; path = "通讯录.png"; sourceTree = "<group>"; };
		0F1DA7C51F4315CF00595405 /* 详细地址.png */ = {isa = PBXFileReference; lastKnownFileType = image.png; path = "详细地址.png"; sourceTree = "<group>"; };
		0F1DA7C61F4315CF00595405 /* 邮编.png */ = {isa = PBXFileReference; lastKnownFileType = image.png; path = "邮编.png"; sourceTree = "<group>"; };
		0F1DA7CC1F43171D00595405 /* Tools.h */ = {isa = PBXFileReference; fileEncoding = 4; lastKnownFileType = sourcecode.c.h; path = Tools.h; sourceTree = "<group>"; };
		0F1DA7CD1F43171D00595405 /* Tools.m */ = {isa = PBXFileReference; fileEncoding = 4; lastKnownFileType = sourcecode.c.objc; path = Tools.m; sourceTree = "<group>"; };
		0F3F6F8D1F39DE5E00152140 /* tabr_01_up.png */ = {isa = PBXFileReference; lastKnownFileType = image.png; path = tabr_01_up.png; sourceTree = "<group>"; };
		0F3F6F8E1F39DE5E00152140 /* tabr_01_up@2x.png */ = {isa = PBXFileReference; lastKnownFileType = image.png; path = "tabr_01_up@2x.png"; sourceTree = "<group>"; };
		0F3F6F8F1F39DE5E00152140 /* tabr_01_up@3x.png */ = {isa = PBXFileReference; lastKnownFileType = image.png; path = "tabr_01_up@3x.png"; sourceTree = "<group>"; };
		0F3F6F931F39DE6700152140 /* tabr_01_down.png */ = {isa = PBXFileReference; lastKnownFileType = image.png; path = tabr_01_down.png; sourceTree = "<group>"; };
		0F3F6F941F39DE6700152140 /* tabr_01_down@2x.png */ = {isa = PBXFileReference; lastKnownFileType = image.png; path = "tabr_01_down@2x.png"; sourceTree = "<group>"; };
		0F3F6F951F39DE6700152140 /* tabr_01_down@3x.png */ = {isa = PBXFileReference; lastKnownFileType = image.png; path = "tabr_01_down@3x.png"; sourceTree = "<group>"; };
		0F3F6F991F39DFF800152140 /* GQGesVCTransition.h */ = {isa = PBXFileReference; fileEncoding = 4; lastKnownFileType = sourcecode.c.h; path = GQGesVCTransition.h; sourceTree = "<group>"; };
		0F3F6F9A1F39DFF800152140 /* GQGesVCTransition.m */ = {isa = PBXFileReference; fileEncoding = 4; lastKnownFileType = sourcecode.c.objc; path = GQGesVCTransition.m; sourceTree = "<group>"; };
		0F3F6F9C1F39E02500152140 /* UIBarButtonItem+DCBarButtonItem.h */ = {isa = PBXFileReference; fileEncoding = 4; lastKnownFileType = sourcecode.c.h; path = "UIBarButtonItem+DCBarButtonItem.h"; sourceTree = "<group>"; };
		0F3F6F9D1F39E02500152140 /* UIBarButtonItem+DCBarButtonItem.m */ = {isa = PBXFileReference; fileEncoding = 4; lastKnownFileType = sourcecode.c.objc; path = "UIBarButtonItem+DCBarButtonItem.m"; sourceTree = "<group>"; };
		0F3F6F9F1F39E0BE00152140 /* tabr_02_up@2x.png */ = {isa = PBXFileReference; lastKnownFileType = image.png; path = "tabr_02_up@2x.png"; sourceTree = "<group>"; };
		0F3F6FA11F39E0C400152140 /* tabr_03_up@2x.png */ = {isa = PBXFileReference; lastKnownFileType = image.png; path = "tabr_03_up@2x.png"; sourceTree = "<group>"; };
		0F3F6FA31F39E0CB00152140 /* tabr_04_down@2x.png */ = {isa = PBXFileReference; lastKnownFileType = image.png; path = "tabr_04_down@2x.png"; sourceTree = "<group>"; };
		0F3F6FA51F39E0EA00152140 /* tabr_04_up@2x.png */ = {isa = PBXFileReference; lastKnownFileType = image.png; path = "tabr_04_up@2x.png"; sourceTree = "<group>"; };
		0F3F6FA71F39E0F500152140 /* tabr_05_down@2x.png */ = {isa = PBXFileReference; lastKnownFileType = image.png; path = "tabr_05_down@2x.png"; sourceTree = "<group>"; };
		0F3F6FA91F39E0FC00152140 /* tabr_05_up@2x.png */ = {isa = PBXFileReference; lastKnownFileType = image.png; path = "tabr_05_up@2x.png"; sourceTree = "<group>"; };
		0F3F6FAB1F39E19500152140 /* HomeViewController.h */ = {isa = PBXFileReference; fileEncoding = 4; lastKnownFileType = sourcecode.c.h; path = HomeViewController.h; sourceTree = "<group>"; };
		0F3F6FAC1F39E19500152140 /* HomeViewController.m */ = {isa = PBXFileReference; fileEncoding = 4; lastKnownFileType = sourcecode.c.objc; path = HomeViewController.m; sourceTree = "<group>"; };
		0F3F6FAE1F39E1A900152140 /* GoodsViewController.h */ = {isa = PBXFileReference; fileEncoding = 4; lastKnownFileType = sourcecode.c.h; path = GoodsViewController.h; sourceTree = "<group>"; };
		0F3F6FAF1F39E1A900152140 /* GoodsViewController.m */ = {isa = PBXFileReference; fileEncoding = 4; lastKnownFileType = sourcecode.c.objc; path = GoodsViewController.m; sourceTree = "<group>"; };
		0F3F6FB11F39E1B200152140 /* MineViewController.h */ = {isa = PBXFileReference; fileEncoding = 4; lastKnownFileType = sourcecode.c.h; path = MineViewController.h; sourceTree = "<group>"; };
		0F3F6FB21F39E1B200152140 /* MineViewController.m */ = {isa = PBXFileReference; fileEncoding = 4; lastKnownFileType = sourcecode.c.objc; path = MineViewController.m; sourceTree = "<group>"; };
		0F520EAD1F29BDB3004AFCB4 /* NSString+TextFrame.h */ = {isa = PBXFileReference; fileEncoding = 4; lastKnownFileType = sourcecode.c.h; path = "NSString+TextFrame.h"; sourceTree = "<group>"; };
		0F520EAE1F29BDB3004AFCB4 /* NSString+TextFrame.m */ = {isa = PBXFileReference; fileEncoding = 4; lastKnownFileType = sourcecode.c.objc; path = "NSString+TextFrame.m"; sourceTree = "<group>"; };
		0F520EAF1F29BDB3004AFCB4 /* UIcolortool.h */ = {isa = PBXFileReference; fileEncoding = 4; lastKnownFileType = sourcecode.c.h; path = UIcolortool.h; sourceTree = "<group>"; };
		0F520EB01F29BDB3004AFCB4 /* UIcolortool.m */ = {isa = PBXFileReference; fileEncoding = 4; lastKnownFileType = sourcecode.c.objc; path = UIcolortool.m; sourceTree = "<group>"; };
		0F520EB31F29BEA0004AFCB4 /* UIView+APFrame.h */ = {isa = PBXFileReference; fileEncoding = 4; lastKnownFileType = sourcecode.c.h; path = "UIView+APFrame.h"; sourceTree = "<group>"; };
		0F520EB41F29BEA0004AFCB4 /* UIView+APFrame.m */ = {isa = PBXFileReference; fileEncoding = 4; lastKnownFileType = sourcecode.c.objc; path = "UIView+APFrame.m"; sourceTree = "<group>"; };
		0F67B1761F3C034A000028A1 /* ApiConfig.h */ = {isa = PBXFileReference; lastKnownFileType = sourcecode.c.h; path = ApiConfig.h; sourceTree = "<group>"; };
		0F67B1771F3C084B000028A1 /* 1111@2x.png */ = {isa = PBXFileReference; lastKnownFileType = image.png; path = "1111@2x.png"; sourceTree = "<group>"; };
		0F67B1781F3C084B000028A1 /* 2222@2x.png */ = {isa = PBXFileReference; lastKnownFileType = image.png; path = "2222@2x.png"; sourceTree = "<group>"; };
		0F67B1791F3C084B000028A1 /* 3333@2x.png */ = {isa = PBXFileReference; lastKnownFileType = image.png; path = "3333@2x.png"; sourceTree = "<group>"; };
		0F67B17A1F3C084B000028A1 /* 4444@2x.png */ = {isa = PBXFileReference; lastKnownFileType = image.png; path = "4444@2x.png"; sourceTree = "<group>"; };
		0F67B17F1F3C0974000028A1 /* ToolsCollectionViewCell.h */ = {isa = PBXFileReference; fileEncoding = 4; lastKnownFileType = sourcecode.c.h; path = ToolsCollectionViewCell.h; sourceTree = "<group>"; };
		0F67B1801F3C0974000028A1 /* ToolsCollectionViewCell.m */ = {isa = PBXFileReference; fileEncoding = 4; lastKnownFileType = sourcecode.c.objc; path = ToolsCollectionViewCell.m; sourceTree = "<group>"; };
		0F67B1821F3C36E3000028A1 /* home_good.gif */ = {isa = PBXFileReference; lastKnownFileType = image.gif; path = home_good.gif; sourceTree = "<group>"; };
		0F67B1841F3C39B3000028A1 /* GoodsShowCell.h */ = {isa = PBXFileReference; fileEncoding = 4; lastKnownFileType = sourcecode.c.h; path = GoodsShowCell.h; sourceTree = "<group>"; };
		0F67B1851F3C39B3000028A1 /* GoodsShowCell.m */ = {isa = PBXFileReference; fileEncoding = 4; lastKnownFileType = sourcecode.c.objc; path = GoodsShowCell.m; sourceTree = "<group>"; };
		0FC6095E1F3D4DF80017531E /* ShoppingCartViewController.h */ = {isa = PBXFileReference; fileEncoding = 4; lastKnownFileType = sourcecode.c.h; name = ShoppingCartViewController.h; path = 198SalesGoods/Mine/ShoppingCartViewController.h; sourceTree = SOURCE_ROOT; };
		0FC6095F1F3D4DF80017531E /* ShoppingCartViewController.m */ = {isa = PBXFileReference; fileEncoding = 4; lastKnownFileType = sourcecode.c.objc; name = ShoppingCartViewController.m; path = 198SalesGoods/Mine/ShoppingCartViewController.m; sourceTree = SOURCE_ROOT; };
		0FF685C01F28849200ED09D9 /* SalesTabController.h */ = {isa = PBXFileReference; fileEncoding = 4; lastKnownFileType = sourcecode.c.h; path = SalesTabController.h; sourceTree = "<group>"; };
		0FF685C11F28849200ED09D9 /* SalesTabController.m */ = {isa = PBXFileReference; fileEncoding = 4; lastKnownFileType = sourcecode.c.objc; path = SalesTabController.m; sourceTree = "<group>"; };
		0FF685C31F2884C200ED09D9 /* SalesNavgationController.h */ = {isa = PBXFileReference; fileEncoding = 4; lastKnownFileType = sourcecode.c.h; path = SalesNavgationController.h; sourceTree = "<group>"; };
		0FF685C41F2884C200ED09D9 /* SalesNavgationController.m */ = {isa = PBXFileReference; fileEncoding = 4; lastKnownFileType = sourcecode.c.objc; path = SalesNavgationController.m; sourceTree = "<group>"; };
		0FF685C61F28851E00ED09D9 /* SalesTabBar.h */ = {isa = PBXFileReference; fileEncoding = 4; lastKnownFileType = sourcecode.c.h; path = SalesTabBar.h; sourceTree = "<group>"; };
		0FF685C71F28851E00ED09D9 /* SalesTabBar.m */ = {isa = PBXFileReference; fileEncoding = 4; lastKnownFileType = sourcecode.c.objc; path = SalesTabBar.m; sourceTree = "<group>"; };
		BC0A43EF1F41923B00A929C0 /* LoginViewController.h */ = {isa = PBXFileReference; fileEncoding = 4; lastKnownFileType = sourcecode.c.h; path = LoginViewController.h; sourceTree = "<group>"; };
		BC0A43F01F41923B00A929C0 /* LoginViewController.m */ = {isa = PBXFileReference; fileEncoding = 4; lastKnownFileType = sourcecode.c.objc; path = LoginViewController.m; sourceTree = "<group>"; };
		BC99D5191F3D4D2900D4C4B8 /* PrefixHeader.pch */ = {isa = PBXFileReference; lastKnownFileType = sourcecode.c.h; path = PrefixHeader.pch; sourceTree = "<group>"; };
/* End PBXFileReference section */

/* Begin PBXFrameworksBuildPhase section */
		0F19AA3B1F0D085000997F66 /* Frameworks */ = {
			isa = PBXFrameworksBuildPhase;
			buildActionMask = 2147483647;
			files = (
			);
			runOnlyForDeploymentPostprocessing = 0;
		};
		0F19AA541F0D085000997F66 /* Frameworks */ = {
			isa = PBXFrameworksBuildPhase;
			buildActionMask = 2147483647;
			files = (
			);
			runOnlyForDeploymentPostprocessing = 0;
		};
		0F19AA5F1F0D085000997F66 /* Frameworks */ = {
			isa = PBXFrameworksBuildPhase;
			buildActionMask = 2147483647;
			files = (
			);
			runOnlyForDeploymentPostprocessing = 0;
		};
/* End PBXFrameworksBuildPhase section */

/* Begin PBXGroup section */
		0F19AA351F0D085000997F66 = {
			isa = PBXGroup;
			children = (
				0F19AA401F0D085000997F66 /* 198SalesGoods */,
				0F19AA5A1F0D085000997F66 /* 198SalesGoodsTests */,
				0F19AA651F0D085000997F66 /* 198SalesGoodsUITests */,
				0F19AA3F1F0D085000997F66 /* Products */,
			);
			sourceTree = "<group>";
		};
		0F19AA3F1F0D085000997F66 /* Products */ = {
			isa = PBXGroup;
			children = (
				0F19AA3E1F0D085000997F66 /* 198SalesGoods.app */,
				0F19AA571F0D085000997F66 /* 198SalesGoodsTests.xctest */,
				0F19AA621F0D085000997F66 /* 198SalesGoodsUITests.xctest */,
			);
			name = Products;
			sourceTree = "<group>";
		};
		0F19AA401F0D085000997F66 /* 198SalesGoods */ = {
			isa = PBXGroup;
			children = (
				0FF685B91F28843500ED09D9 /* Main */,
				0FF685B61F28843500ED09D9 /* Goods */,
				0FF685B71F28843500ED09D9 /* Home */,
				0FF685BA1F28843500ED09D9 /* Mine */,
				0FF685BB1F28843500ED09D9 /* ShoppingCart */,
				BC0A43EE1F41921B00A929C0 /* Login */,
				0F3F6F8C1F39DE4800152140 /* Resource */,
				0FF685B81F28843500ED09D9 /* Macros */,
				0FF685BC1F28843500ED09D9 /* Venders */,
				BC0A43F21F419D7200A929C0 /* Tools */,
				0F19AA441F0D085000997F66 /* AppDelegate.h */,
				0F19AA451F0D085000997F66 /* AppDelegate.m */,
				0F19AA471F0D085000997F66 /* ViewController.h */,
				0F19AA481F0D085000997F66 /* ViewController.m */,
				0F19AA4A1F0D085000997F66 /* Main.storyboard */,
				0F19AA4D1F0D085000997F66 /* Assets.xcassets */,
				0F19AA4F1F0D085000997F66 /* LaunchScreen.storyboard */,
				0F19AA521F0D085000997F66 /* Info.plist */,
				0F19AA411F0D085000997F66 /* Supporting Files */,
			);
			path = 198SalesGoods;
			sourceTree = "<group>";
		};
		0F19AA411F0D085000997F66 /* Supporting Files */ = {
			isa = PBXGroup;
			children = (
				0F19AA421F0D085000997F66 /* main.m */,
			);
			name = "Supporting Files";
			sourceTree = "<group>";
		};
		0F19AA5A1F0D085000997F66 /* 198SalesGoodsTests */ = {
			isa = PBXGroup;
			children = (
				0F19AA5B1F0D085000997F66 /* _98SalesGoodsTests.m */,
				0F19AA5D1F0D085000997F66 /* Info.plist */,
			);
			path = 198SalesGoodsTests;
			sourceTree = "<group>";
		};
		0F19AA651F0D085000997F66 /* 198SalesGoodsUITests */ = {
			isa = PBXGroup;
			children = (
				0F19AA661F0D085100997F66 /* _98SalesGoodsUITests.m */,
				0F19AA681F0D085100997F66 /* Info.plist */,
			);
			path = 198SalesGoodsUITests;
			sourceTree = "<group>";
		};
		0F1DA7371F4293A400595405 /* MBProgressHUD */ = {
			isa = PBXGroup;
			children = (
				0F1DA7381F4293A400595405 /* MBProgressHUD+MJ.h */,
				0F1DA7391F4293A400595405 /* MBProgressHUD+MJ.m */,
				0F1DA73A1F4293A400595405 /* MBProgressHUD.bundle */,
				0F1DA73B1F4293A400595405 /* MBProgressHUD.h */,
				0F1DA73C1F4293A400595405 /* MBProgressHUD.m */,
			);
			path = MBProgressHUD;
			sourceTree = "<group>";
		};
		0F1DA7401F4293AC00595405 /* SDWebImage */ = {
			isa = PBXGroup;
			children = (
				0F1DA7411F4293AC00595405 /* LICENSE */,
				0F1DA7421F4293AC00595405 /* README.md */,
				0F1DA7431F4293AC00595405 /* SDWebImage */,
			);
			path = SDWebImage;
			sourceTree = "<group>";
		};
		0F1DA7431F4293AC00595405 /* SDWebImage */ = {
			isa = PBXGroup;
			children = (
				0F1DA7441F4293AC00595405 /* NSData+ImageContentType.h */,
				0F1DA7451F4293AC00595405 /* NSData+ImageContentType.m */,
				0F1DA7461F4293AC00595405 /* SDImageCache.h */,
				0F1DA7471F4293AC00595405 /* SDImageCache.m */,
				0F1DA7481F4293AC00595405 /* SDWebImageCompat.h */,
				0F1DA7491F4293AC00595405 /* SDWebImageCompat.m */,
				0F1DA74A1F4293AC00595405 /* SDWebImageDecoder.h */,
				0F1DA74B1F4293AC00595405 /* SDWebImageDecoder.m */,
				0F1DA74C1F4293AC00595405 /* SDWebImageDownloader.h */,
				0F1DA74D1F4293AC00595405 /* SDWebImageDownloader.m */,
				0F1DA74E1F4293AC00595405 /* SDWebImageDownloaderOperation.h */,
				0F1DA74F1F4293AC00595405 /* SDWebImageDownloaderOperation.m */,
				0F1DA7501F4293AC00595405 /* SDWebImageManager.h */,
				0F1DA7511F4293AC00595405 /* SDWebImageManager.m */,
				0F1DA7521F4293AC00595405 /* SDWebImageOperation.h */,
				0F1DA7531F4293AC00595405 /* SDWebImagePrefetcher.h */,
				0F1DA7541F4293AC00595405 /* SDWebImagePrefetcher.m */,
				0F1DA7551F4293AC00595405 /* UIButton+WebCache.h */,
				0F1DA7561F4293AC00595405 /* UIButton+WebCache.m */,
				0F1DA7571F4293AC00595405 /* UIImage+GIF.h */,
				0F1DA7581F4293AC00595405 /* UIImage+GIF.m */,
				0F1DA7591F4293AC00595405 /* UIImage+MultiFormat.h */,
				0F1DA75A1F4293AC00595405 /* UIImage+MultiFormat.m */,
				0F1DA75B1F4293AC00595405 /* UIImageView+HighlightedWebCache.h */,
				0F1DA75C1F4293AC00595405 /* UIImageView+HighlightedWebCache.m */,
				0F1DA75D1F4293AC00595405 /* UIImageView+WebCache.h */,
				0F1DA75E1F4293AC00595405 /* UIImageView+WebCache.m */,
				0F1DA75F1F4293AC00595405 /* UIView+WebCacheOperation.h */,
				0F1DA7601F4293AC00595405 /* UIView+WebCacheOperation.m */,
			);
			path = SDWebImage;
			sourceTree = "<group>";
		};
		0F1DA7711F4293B400595405 /* AFNetworking */ = {
			isa = PBXGroup;
			children = (
				0F1DA7721F4293B400595405 /* AFNetworking */,
				0F1DA7861F4293B400595405 /* LICENSE */,
				0F1DA7871F4293B400595405 /* README.md */,
				0F1DA7881F4293B400595405 /* UIKit+AFNetworking */,
			);
			path = AFNetworking;
			sourceTree = "<group>";
		};
		0F1DA7721F4293B400595405 /* AFNetworking */ = {
			isa = PBXGroup;
			children = (
				0F1DA7731F4293B400595405 /* AFHTTPRequestOperation.h */,
				0F1DA7741F4293B400595405 /* AFHTTPRequestOperation.m */,
				0F1DA7751F4293B400595405 /* AFHTTPRequestOperationManager.h */,
				0F1DA7761F4293B400595405 /* AFHTTPRequestOperationManager.m */,
				0F1DA7771F4293B400595405 /* AFHTTPSessionManager.h */,
				0F1DA7781F4293B400595405 /* AFHTTPSessionManager.m */,
				0F1DA7791F4293B400595405 /* AFNetworking.h */,
				0F1DA77A1F4293B400595405 /* AFNetworkReachabilityManager.h */,
				0F1DA77B1F4293B400595405 /* AFNetworkReachabilityManager.m */,
				0F1DA77C1F4293B400595405 /* AFSecurityPolicy.h */,
				0F1DA77D1F4293B400595405 /* AFSecurityPolicy.m */,
				0F1DA77E1F4293B400595405 /* AFURLConnectionOperation.h */,
				0F1DA77F1F4293B400595405 /* AFURLConnectionOperation.m */,
				0F1DA7801F4293B400595405 /* AFURLRequestSerialization.h */,
				0F1DA7811F4293B400595405 /* AFURLRequestSerialization.m */,
				0F1DA7821F4293B400595405 /* AFURLResponseSerialization.h */,
				0F1DA7831F4293B400595405 /* AFURLResponseSerialization.m */,
				0F1DA7841F4293B400595405 /* AFURLSessionManager.h */,
				0F1DA7851F4293B400595405 /* AFURLSessionManager.m */,
			);
			path = AFNetworking;
			sourceTree = "<group>";
		};
		0F1DA7881F4293B400595405 /* UIKit+AFNetworking */ = {
			isa = PBXGroup;
			children = (
				0F1DA7891F4293B400595405 /* AFNetworkActivityIndicatorManager.h */,
				0F1DA78A1F4293B400595405 /* AFNetworkActivityIndicatorManager.m */,
				0F1DA78B1F4293B400595405 /* UIActivityIndicatorView+AFNetworking.h */,
				0F1DA78C1F4293B400595405 /* UIActivityIndicatorView+AFNetworking.m */,
				0F1DA78D1F4293B400595405 /* UIAlertView+AFNetworking.h */,
				0F1DA78E1F4293B400595405 /* UIAlertView+AFNetworking.m */,
				0F1DA78F1F4293B400595405 /* UIButton+AFNetworking.h */,
				0F1DA7901F4293B400595405 /* UIButton+AFNetworking.m */,
				0F1DA7911F4293B400595405 /* UIImageView+AFNetworking.h */,
				0F1DA7921F4293B400595405 /* UIImageView+AFNetworking.m */,
				0F1DA7931F4293B400595405 /* UIKit+AFNetworking.h */,
				0F1DA7941F4293B400595405 /* UIProgressView+AFNetworking.h */,
				0F1DA7951F4293B400595405 /* UIProgressView+AFNetworking.m */,
				0F1DA7961F4293B400595405 /* UIRefreshControl+AFNetworking.h */,
				0F1DA7971F4293B400595405 /* UIRefreshControl+AFNetworking.m */,
				0F1DA7981F4293B400595405 /* UIWebView+AFNetworking.h */,
				0F1DA7991F4293B400595405 /* UIWebView+AFNetworking.m */,
			);
			path = "UIKit+AFNetworking";
			sourceTree = "<group>";
		};
		0F3F6F8C1F39DE4800152140 /* Resource */ = {
			isa = PBXGroup;
			children = (
				0F1DA7C21F4315CF00595405 /* 电话.png */,
				0F1DA7C31F4315CF00595405 /* 定位.png */,
				0F1DA7C41F4315CF00595405 /* 通讯录.png */,
				0F1DA7C51F4315CF00595405 /* 详细地址.png */,
				0F1DA7C61F4315CF00595405 /* 邮编.png */,
				0F1DA7351F428C5C00595405 /* setting.png */,
				0F1DA7331F428C3200595405 /* img_line@2x.png */,
				0F1DA7291F42863100595405 /* 地址.png */,
				0F1DA72A1F42863100595405 /* 订单.png */,
				0F1DA72B1F42863100595405 /* 二维码.png */,
				0F1DA72C1F42863100595405 /* 积分.png */,
				0F1DA72D1F42863100595405 /* 客户.png */,
				0F67B1821F3C36E3000028A1 /* home_good.gif */,
				0F3F6F8D1F39DE5E00152140 /* tabr_01_up.png */,
				0F3F6F8E1F39DE5E00152140 /* tabr_01_up@2x.png */,
				0F3F6F8F1F39DE5E00152140 /* tabr_01_up@3x.png */,
				0F3F6F931F39DE6700152140 /* tabr_01_down.png */,
				0F3F6F941F39DE6700152140 /* tabr_01_down@2x.png */,
				0F3F6F951F39DE6700152140 /* tabr_01_down@3x.png */,
				0F3F6F9F1F39E0BE00152140 /* tabr_02_up@2x.png */,
				0F3F6FA11F39E0C400152140 /* tabr_03_up@2x.png */,
				0F3F6FA31F39E0CB00152140 /* tabr_04_down@2x.png */,
				0F3F6FA51F39E0EA00152140 /* tabr_04_up@2x.png */,
				0F3F6FA71F39E0F500152140 /* tabr_05_down@2x.png */,
				0F3F6FA91F39E0FC00152140 /* tabr_05_up@2x.png */,
				0F67B1771F3C084B000028A1 /* 1111@2x.png */,
				0F67B1781F3C084B000028A1 /* 2222@2x.png */,
				0F67B1791F3C084B000028A1 /* 3333@2x.png */,
				0F67B17A1F3C084B000028A1 /* 4444@2x.png */,
			);
			name = Resource;
			path = Venders/Resource;
			sourceTree = "<group>";
		};
		0FF685B61F28843500ED09D9 /* Goods */ = {
			isa = PBXGroup;
			children = (
				0F3F6FAE1F39E1A900152140 /* GoodsViewController.h */,
				0F3F6FAF1F39E1A900152140 /* GoodsViewController.m */,
			);
			path = Goods;
			sourceTree = "<group>";
		};
		0FF685B71F28843500ED09D9 /* Home */ = {
			isa = PBXGroup;
			children = (
				0F3F6FAB1F39E19500152140 /* HomeViewController.h */,
				0F3F6FAC1F39E19500152140 /* HomeViewController.m */,
				0F67B17F1F3C0974000028A1 /* ToolsCollectionViewCell.h */,
				0F67B1801F3C0974000028A1 /* ToolsCollectionViewCell.m */,
				0F67B1841F3C39B3000028A1 /* GoodsShowCell.h */,
				0F67B1851F3C39B3000028A1 /* GoodsShowCell.m */,
			);
			path = Home;
			sourceTree = "<group>";
		};
		0FF685B81F28843500ED09D9 /* Macros */ = {
			isa = PBXGroup;
			children = (
				BC99D5191F3D4D2900D4C4B8 /* PrefixHeader.pch */,
				0F67B1761F3C034A000028A1 /* ApiConfig.h */,
				0F1DA7AD1F4293D300595405 /* NetService.h */,
				0F1DA7AE1F4293D300595405 /* NetService.m */,
			);
			path = Macros;
			sourceTree = "<group>";
		};
		0FF685B91F28843500ED09D9 /* Main */ = {
			isa = PBXGroup;
			children = (
				0FF685C01F28849200ED09D9 /* SalesTabController.h */,
				0FF685C11F28849200ED09D9 /* SalesTabController.m */,
				0FF685C31F2884C200ED09D9 /* SalesNavgationController.h */,
				0FF685C41F2884C200ED09D9 /* SalesNavgationController.m */,
				0FF685C61F28851E00ED09D9 /* SalesTabBar.h */,
				0FF685C71F28851E00ED09D9 /* SalesTabBar.m */,
				0F1DA7B91F430B3F00595405 /* BaseViewController.h */,
				0F1DA7BA1F430B3F00595405 /* BaseViewController.m */,
			);
			path = Main;
			sourceTree = "<group>";
		};
		0FF685BA1F28843500ED09D9 /* Mine */ = {
			isa = PBXGroup;
			children = (
				0F3F6FB11F39E1B200152140 /* MineViewController.h */,
				0F3F6FB21F39E1B200152140 /* MineViewController.m */,
				0F1DA71D1F42816400595405 /* MineInfoViewCell.h */,
				0F1DA71E1F42816400595405 /* MineInfoViewCell.m */,
				0F1DA71F1F42816400595405 /* MineTermViewCell.h */,
				0F1DA7201F42816400595405 /* MineTermViewCell.m */,
				0F1DA7231F4283CE00595405 /* MineGroup.h */,
				0F1DA7241F4283CE00595405 /* MineGroup.m */,
				0F1DA7261F42847400595405 /* MineItem.h */,
				0F1DA7271F42847400595405 /* MineItem.m */,
				0F1DA7B61F42F3AB00595405 /* MyAddressController.h */,
				0F1DA7B71F42F3AB00595405 /* MyAddressController.m */,
				0F1DA7BC1F430C4D00595405 /* EditAddressController.h */,
				0F1DA7BD1F430C4D00595405 /* EditAddressController.m */,
				0F1DA7BF1F43135A00595405 /* EditAddressViewCell.h */,
				0F1DA7C01F43135A00595405 /* EditAddressViewCell.m */,
			);
			path = Mine;
			sourceTree = "<group>";
		};
		0FF685BB1F28843500ED09D9 /* ShoppingCart */ = {
			isa = PBXGroup;
			children = (
				0FC6095E1F3D4DF80017531E /* ShoppingCartViewController.h */,
				0FC6095F1F3D4DF80017531E /* ShoppingCartViewController.m */,
			);
			path = ShoppingCart;
			sourceTree = "<group>";
		};
		0FF685BC1F28843500ED09D9 /* Venders */ = {
			isa = PBXGroup;
			children = (
				0F1DA7711F4293B400595405 /* AFNetworking */,
				0F1DA7401F4293AC00595405 /* SDWebImage */,
				0F1DA7371F4293A400595405 /* MBProgressHUD */,
				0F3F6F991F39DFF800152140 /* GQGesVCTransition.h */,
				0F3F6F9A1F39DFF800152140 /* GQGesVCTransition.m */,
				0F520EB31F29BEA0004AFCB4 /* UIView+APFrame.h */,
				0F520EB41F29BEA0004AFCB4 /* UIView+APFrame.m */,
				0F520EAD1F29BDB3004AFCB4 /* NSString+TextFrame.h */,
				0F520EAE1F29BDB3004AFCB4 /* NSString+TextFrame.m */,
				0F520EAF1F29BDB3004AFCB4 /* UIcolortool.h */,
				0F520EB01F29BDB3004AFCB4 /* UIcolortool.m */,
				0F3F6F9C1F39E02500152140 /* UIBarButtonItem+DCBarButtonItem.h */,
				0F3F6F9D1F39E02500152140 /* UIBarButtonItem+DCBarButtonItem.m */,
				0F1DA7CC1F43171D00595405 /* Tools.h */,
				0F1DA7CD1F43171D00595405 /* Tools.m */,
			);
			path = Venders;
			sourceTree = "<group>";
		};
		BC0A43EE1F41921B00A929C0 /* Login */ = {
			isa = PBXGroup;
			children = (
				BC0A43EF1F41923B00A929C0 /* LoginViewController.h */,
				BC0A43F01F41923B00A929C0 /* LoginViewController.m */,
			);
			path = Login;
			sourceTree = "<group>";
		};
		BC0A43F21F419D7200A929C0 /* Tools */ = {
			isa = PBXGroup;
			children = (
			);
			name = Tools;
			path = Venders/Tools;
			sourceTree = "<group>";
		};
/* End PBXGroup section */

/* Begin PBXNativeTarget section */
		0F19AA3D1F0D085000997F66 /* 198SalesGoods */ = {
			isa = PBXNativeTarget;
			buildConfigurationList = 0F19AA6B1F0D085100997F66 /* Build configuration list for PBXNativeTarget "198SalesGoods" */;
			buildPhases = (
				0F19AA3A1F0D085000997F66 /* Sources */,
				0F19AA3B1F0D085000997F66 /* Frameworks */,
				0F19AA3C1F0D085000997F66 /* Resources */,
			);
			buildRules = (
			);
			dependencies = (
			);
			name = 198SalesGoods;
			productName = 198SalesGoods;
			productReference = 0F19AA3E1F0D085000997F66 /* 198SalesGoods.app */;
			productType = "com.apple.product-type.application";
		};
		0F19AA561F0D085000997F66 /* 198SalesGoodsTests */ = {
			isa = PBXNativeTarget;
			buildConfigurationList = 0F19AA6E1F0D085100997F66 /* Build configuration list for PBXNativeTarget "198SalesGoodsTests" */;
			buildPhases = (
				0F19AA531F0D085000997F66 /* Sources */,
				0F19AA541F0D085000997F66 /* Frameworks */,
				0F19AA551F0D085000997F66 /* Resources */,
			);
			buildRules = (
			);
			dependencies = (
				0F19AA591F0D085000997F66 /* PBXTargetDependency */,
			);
			name = 198SalesGoodsTests;
			productName = 198SalesGoodsTests;
			productReference = 0F19AA571F0D085000997F66 /* 198SalesGoodsTests.xctest */;
			productType = "com.apple.product-type.bundle.unit-test";
		};
		0F19AA611F0D085000997F66 /* 198SalesGoodsUITests */ = {
			isa = PBXNativeTarget;
			buildConfigurationList = 0F19AA711F0D085100997F66 /* Build configuration list for PBXNativeTarget "198SalesGoodsUITests" */;
			buildPhases = (
				0F19AA5E1F0D085000997F66 /* Sources */,
				0F19AA5F1F0D085000997F66 /* Frameworks */,
				0F19AA601F0D085000997F66 /* Resources */,
			);
			buildRules = (
			);
			dependencies = (
				0F19AA641F0D085000997F66 /* PBXTargetDependency */,
			);
			name = 198SalesGoodsUITests;
			productName = 198SalesGoodsUITests;
			productReference = 0F19AA621F0D085000997F66 /* 198SalesGoodsUITests.xctest */;
			productType = "com.apple.product-type.bundle.ui-testing";
		};
/* End PBXNativeTarget section */

/* Begin PBXProject section */
		0F19AA361F0D085000997F66 /* Project object */ = {
			isa = PBXProject;
			attributes = {
				LastUpgradeCheck = 0830;
				ORGANIZATIONNAME = AP;
				TargetAttributes = {
					0F19AA3D1F0D085000997F66 = {
						CreatedOnToolsVersion = 8.3.3;
						DevelopmentTeam = 3ED54QFZS2;
						ProvisioningStyle = Automatic;
					};
					0F19AA561F0D085000997F66 = {
						CreatedOnToolsVersion = 8.3.3;
						ProvisioningStyle = Automatic;
						TestTargetID = 0F19AA3D1F0D085000997F66;
					};
					0F19AA611F0D085000997F66 = {
						CreatedOnToolsVersion = 8.3.3;
						ProvisioningStyle = Automatic;
						TestTargetID = 0F19AA3D1F0D085000997F66;
					};
				};
			};
			buildConfigurationList = 0F19AA391F0D085000997F66 /* Build configuration list for PBXProject "198SalesGoods" */;
			compatibilityVersion = "Xcode 3.2";
			developmentRegion = English;
			hasScannedForEncodings = 0;
			knownRegions = (
				en,
				Base,
			);
			mainGroup = 0F19AA351F0D085000997F66;
			productRefGroup = 0F19AA3F1F0D085000997F66 /* Products */;
			projectDirPath = "";
			projectRoot = "";
			targets = (
				0F19AA3D1F0D085000997F66 /* 198SalesGoods */,
				0F19AA561F0D085000997F66 /* 198SalesGoodsTests */,
				0F19AA611F0D085000997F66 /* 198SalesGoodsUITests */,
			);
		};
/* End PBXProject section */

/* Begin PBXResourcesBuildPhase section */
		0F19AA3C1F0D085000997F66 /* Resources */ = {
			isa = PBXResourcesBuildPhase;
			buildActionMask = 2147483647;
			files = (
				0F1DA7CB1F4315CF00595405 /* 邮编.png in Resources */,
				0F1DA7C81F4315CF00595405 /* 定位.png in Resources */,
				0F1DA7321F42863100595405 /* 客户.png in Resources */,
				0F3F6F971F39DE6700152140 /* tabr_01_down@2x.png in Resources */,
				0F1DA7C91F4315CF00595405 /* 通讯录.png in Resources */,
				0F3F6F981F39DE6700152140 /* tabr_01_down@3x.png in Resources */,
				0F1DA7301F42863100595405 /* 二维码.png in Resources */,
				0F1DA7611F4293AC00595405 /* LICENSE in Resources */,
				0F3F6F961F39DE6700152140 /* tabr_01_down.png in Resources */,
				0F3F6FA21F39E0C400152140 /* tabr_03_up@2x.png in Resources */,
				0F1DA7361F428C5C00595405 /* setting.png in Resources */,
				0F67B17C1F3C084B000028A1 /* 2222@2x.png in Resources */,
				0F1DA7311F42863100595405 /* 积分.png in Resources */,
				0F1DA7C71F4315CF00595405 /* 电话.png in Resources */,
				0F3F6F921F39DE5E00152140 /* tabr_01_up@3x.png in Resources */,
				0F19AA511F0D085000997F66 /* LaunchScreen.storyboard in Resources */,
				0F19AA4E1F0D085000997F66 /* Assets.xcassets in Resources */,
				0F3F6FA41F39E0CB00152140 /* tabr_04_down@2x.png in Resources */,
				0F1DA73E1F4293A400595405 /* MBProgressHUD.bundle in Resources */,
				0F67B17B1F3C084B000028A1 /* 1111@2x.png in Resources */,
				0F1DA7CA1F4315CF00595405 /* 详细地址.png in Resources */,
				0F3F6FA01F39E0BE00152140 /* tabr_02_up@2x.png in Resources */,
				0F3F6F911F39DE5E00152140 /* tabr_01_up@2x.png in Resources */,
				0F67B17D1F3C084B000028A1 /* 3333@2x.png in Resources */,
				0F3F6FA81F39E0F500152140 /* tabr_05_down@2x.png in Resources */,
				0F3F6FAA1F39E0FC00152140 /* tabr_05_up@2x.png in Resources */,
				0F3F6F901F39DE5E00152140 /* tabr_01_up.png in Resources */,
				0F1DA72F1F42863100595405 /* 订单.png in Resources */,
				0F1DA72E1F42863100595405 /* 地址.png in Resources */,
				0F1DA7A31F4293B400595405 /* LICENSE in Resources */,
				0F67B17E1F3C084B000028A1 /* 4444@2x.png in Resources */,
				0F1DA7341F428C3200595405 /* img_line@2x.png in Resources */,
				0F19AA4C1F0D085000997F66 /* Main.storyboard in Resources */,
				0F67B1831F3C36E3000028A1 /* home_good.gif in Resources */,
				0F3F6FA61F39E0EA00152140 /* tabr_04_up@2x.png in Resources */,
			);
			runOnlyForDeploymentPostprocessing = 0;
		};
		0F19AA551F0D085000997F66 /* Resources */ = {
			isa = PBXResourcesBuildPhase;
			buildActionMask = 2147483647;
			files = (
			);
			runOnlyForDeploymentPostprocessing = 0;
		};
		0F19AA601F0D085000997F66 /* Resources */ = {
			isa = PBXResourcesBuildPhase;
			buildActionMask = 2147483647;
			files = (
			);
			runOnlyForDeploymentPostprocessing = 0;
		};
/* End PBXResourcesBuildPhase section */

/* Begin PBXSourcesBuildPhase section */
		0F19AA3A1F0D085000997F66 /* Sources */ = {
			isa = PBXSourcesBuildPhase;
			buildActionMask = 2147483647;
			files = (
				0F19AA491F0D085000997F66 /* ViewController.m in Sources */,
				0F1DA7BB1F430B3F00595405 /* BaseViewController.m in Sources */,
				0F1DA7701F4293AC00595405 /* UIView+WebCacheOperation.m in Sources */,
				0F1DA76B1F4293AC00595405 /* UIButton+WebCache.m in Sources */,
				0F1DA7691F4293AC00595405 /* SDWebImageManager.m in Sources */,
				0F1DA79F1F4293B400595405 /* AFURLConnectionOperation.m in Sources */,
				0F3F6FB31F39E1B200152140 /* MineViewController.m in Sources */,
				0F3F6FB01F39E1A900152140 /* GoodsViewController.m in Sources */,
				0FF685C51F2884C200ED09D9 /* SalesNavgationController.m in Sources */,
				0F1DA7671F4293AC00595405 /* SDWebImageDownloader.m in Sources */,
				0F1DA7A21F4293B400595405 /* AFURLSessionManager.m in Sources */,
				0F1DA7A81F4293B400595405 /* UIButton+AFNetworking.m in Sources */,
				0F19AA461F0D085000997F66 /* AppDelegate.m in Sources */,
				0F1DA79B1F4293B400595405 /* AFHTTPRequestOperationManager.m in Sources */,
				0F1DA7A61F4293B400595405 /* UIActivityIndicatorView+AFNetworking.m in Sources */,
				0F1DA7651F4293AC00595405 /* SDWebImageCompat.m in Sources */,
				0F3F6F9B1F39DFF800152140 /* GQGesVCTransition.m in Sources */,
				0F1DA79D1F4293B400595405 /* AFNetworkReachabilityManager.m in Sources */,
				0F1DA76F1F4293AC00595405 /* UIImageView+WebCache.m in Sources */,
				0F1DA79A1F4293B400595405 /* AFHTTPRequestOperation.m in Sources */,
				0F1DA7A41F4293B400595405 /* README.md in Sources */,
				0F1DA7CE1F43171D00595405 /* Tools.m in Sources */,
				0F67B1861F3C39B3000028A1 /* GoodsShowCell.m in Sources */,
				0F1DA73F1F4293A400595405 /* MBProgressHUD.m in Sources */,
				0F1DA7B81F42F3AB00595405 /* MyAddressController.m in Sources */,
				0F520EB21F29BDB3004AFCB4 /* UIcolortool.m in Sources */,
				0F1DA7AF1F4293D300595405 /* NetService.m in Sources */,
				0F1DA76E1F4293AC00595405 /* UIImageView+HighlightedWebCache.m in Sources */,
				0F1DA7AA1F4293B400595405 /* UIProgressView+AFNetworking.m in Sources */,
				0F3F6F9E1F39E02500152140 /* UIBarButtonItem+DCBarButtonItem.m in Sources */,
				0F1DA7BE1F430C4D00595405 /* EditAddressController.m in Sources */,
				0F1DA79E1F4293B400595405 /* AFSecurityPolicy.m in Sources */,
				0F1DA7A51F4293B400595405 /* AFNetworkActivityIndicatorManager.m in Sources */,
				0F1DA7641F4293AC00595405 /* SDImageCache.m in Sources */,
				0FF685C21F28849200ED09D9 /* SalesTabController.m in Sources */,
				0F1DA7A71F4293B400595405 /* UIAlertView+AFNetworking.m in Sources */,
				0F1DA76D1F4293AC00595405 /* UIImage+MultiFormat.m in Sources */,
				0F1DA7681F4293AC00595405 /* SDWebImageDownloaderOperation.m in Sources */,
				0F1DA7221F42816400595405 /* MineTermViewCell.m in Sources */,
				0F1DA7621F4293AC00595405 /* README.md in Sources */,
				0F520EB51F29BEA0004AFCB4 /* UIView+APFrame.m in Sources */,
				0FC609601F3D4DF80017531E /* ShoppingCartViewController.m in Sources */,
				0FF685C81F28851E00ED09D9 /* SalesTabBar.m in Sources */,
				0F1DA7631F4293AC00595405 /* NSData+ImageContentType.m in Sources */,
				0F67B1811F3C0974000028A1 /* ToolsCollectionViewCell.m in Sources */,
				BC0A43F11F41923B00A929C0 /* LoginViewController.m in Sources */,
				0F1DA7C11F43135A00595405 /* EditAddressViewCell.m in Sources */,
				0F520EB11F29BDB3004AFCB4 /* NSString+TextFrame.m in Sources */,
				0F1DA7661F4293AC00595405 /* SDWebImageDecoder.m in Sources */,
				0F1DA79C1F4293B400595405 /* AFHTTPSessionManager.m in Sources */,
				0F1DA7A91F4293B400595405 /* UIImageView+AFNetworking.m in Sources */,
				0F1DA7251F4283CE00595405 /* MineGroup.m in Sources */,
				0F1DA73D1F4293A400595405 /* MBProgressHUD+MJ.m in Sources */,
				0F19AA431F0D085000997F66 /* main.m in Sources */,
				0F1DA7281F42847400595405 /* MineItem.m in Sources */,
				0F1DA76A1F4293AC00595405 /* SDWebImagePrefetcher.m in Sources */,
				0F1DA7AB1F4293B400595405 /* UIRefreshControl+AFNetworking.m in Sources */,
				0F3F6FAD1F39E19500152140 /* HomeViewController.m in Sources */,
				0F1DA7A01F4293B400595405 /* AFURLRequestSerialization.m in Sources */,
				0F1DA7AC1F4293B400595405 /* UIWebView+AFNetworking.m in Sources */,
				0F1DA76C1F4293AC00595405 /* UIImage+GIF.m in Sources */,
				0F1DA7A11F4293B400595405 /* AFURLResponseSerialization.m in Sources */,
				0F1DA7211F42816400595405 /* MineInfoViewCell.m in Sources */,
			);
			runOnlyForDeploymentPostprocessing = 0;
		};
		0F19AA531F0D085000997F66 /* Sources */ = {
			isa = PBXSourcesBuildPhase;
			buildActionMask = 2147483647;
			files = (
				0F19AA5C1F0D085000997F66 /* _98SalesGoodsTests.m in Sources */,
			);
			runOnlyForDeploymentPostprocessing = 0;
		};
		0F19AA5E1F0D085000997F66 /* Sources */ = {
			isa = PBXSourcesBuildPhase;
			buildActionMask = 2147483647;
			files = (
				0F19AA671F0D085100997F66 /* _98SalesGoodsUITests.m in Sources */,
			);
			runOnlyForDeploymentPostprocessing = 0;
		};
/* End PBXSourcesBuildPhase section */

/* Begin PBXTargetDependency section */
		0F19AA591F0D085000997F66 /* PBXTargetDependency */ = {
			isa = PBXTargetDependency;
			target = 0F19AA3D1F0D085000997F66 /* 198SalesGoods */;
			targetProxy = 0F19AA581F0D085000997F66 /* PBXContainerItemProxy */;
		};
		0F19AA641F0D085000997F66 /* PBXTargetDependency */ = {
			isa = PBXTargetDependency;
			target = 0F19AA3D1F0D085000997F66 /* 198SalesGoods */;
			targetProxy = 0F19AA631F0D085000997F66 /* PBXContainerItemProxy */;
		};
/* End PBXTargetDependency section */

/* Begin PBXVariantGroup section */
		0F19AA4A1F0D085000997F66 /* Main.storyboard */ = {
			isa = PBXVariantGroup;
			children = (
				0F19AA4B1F0D085000997F66 /* Base */,
			);
			name = Main.storyboard;
			sourceTree = "<group>";
		};
		0F19AA4F1F0D085000997F66 /* LaunchScreen.storyboard */ = {
			isa = PBXVariantGroup;
			children = (
				0F19AA501F0D085000997F66 /* Base */,
			);
			name = LaunchScreen.storyboard;
			sourceTree = "<group>";
		};
/* End PBXVariantGroup section */

/* Begin XCBuildConfiguration section */
		0F19AA691F0D085100997F66 /* Debug */ = {
			isa = XCBuildConfiguration;
			buildSettings = {
				ALWAYS_SEARCH_USER_PATHS = NO;
				CLANG_ANALYZER_NONNULL = YES;
				CLANG_ANALYZER_NUMBER_OBJECT_CONVERSION = YES_AGGRESSIVE;
				CLANG_CXX_LANGUAGE_STANDARD = "gnu++0x";
				CLANG_CXX_LIBRARY = "libc++";
				CLANG_ENABLE_MODULES = YES;
				CLANG_ENABLE_OBJC_ARC = YES;
				CLANG_WARN_BOOL_CONVERSION = YES;
				CLANG_WARN_CONSTANT_CONVERSION = YES;
				CLANG_WARN_DIRECT_OBJC_ISA_USAGE = YES_ERROR;
				CLANG_WARN_DOCUMENTATION_COMMENTS = YES;
				CLANG_WARN_EMPTY_BODY = YES;
				CLANG_WARN_ENUM_CONVERSION = YES;
				CLANG_WARN_INFINITE_RECURSION = YES;
				CLANG_WARN_INT_CONVERSION = YES;
				CLANG_WARN_OBJC_ROOT_CLASS = YES_ERROR;
				CLANG_WARN_SUSPICIOUS_MOVE = YES;
				CLANG_WARN_UNREACHABLE_CODE = YES;
				CLANG_WARN__DUPLICATE_METHOD_MATCH = YES;
				"CODE_SIGN_IDENTITY[sdk=iphoneos*]" = "iPhone Developer";
				COPY_PHASE_STRIP = NO;
				DEBUG_INFORMATION_FORMAT = dwarf;
				ENABLE_STRICT_OBJC_MSGSEND = YES;
				ENABLE_TESTABILITY = YES;
				GCC_C_LANGUAGE_STANDARD = gnu99;
				GCC_DYNAMIC_NO_PIC = NO;
				GCC_NO_COMMON_BLOCKS = YES;
				GCC_OPTIMIZATION_LEVEL = 0;
				GCC_PREPROCESSOR_DEFINITIONS = (
					"DEBUG=1",
					"$(inherited)",
				);
				GCC_WARN_64_TO_32_BIT_CONVERSION = YES;
				GCC_WARN_ABOUT_RETURN_TYPE = YES_ERROR;
				GCC_WARN_UNDECLARED_SELECTOR = YES;
				GCC_WARN_UNINITIALIZED_AUTOS = YES_AGGRESSIVE;
				GCC_WARN_UNUSED_FUNCTION = YES;
				GCC_WARN_UNUSED_VARIABLE = YES;
				IPHONEOS_DEPLOYMENT_TARGET = 10.3;
				MTL_ENABLE_DEBUG_INFO = YES;
				ONLY_ACTIVE_ARCH = YES;
				SDKROOT = iphoneos;
			};
			name = Debug;
		};
		0F19AA6A1F0D085100997F66 /* Release */ = {
			isa = XCBuildConfiguration;
			buildSettings = {
				ALWAYS_SEARCH_USER_PATHS = NO;
				CLANG_ANALYZER_NONNULL = YES;
				CLANG_ANALYZER_NUMBER_OBJECT_CONVERSION = YES_AGGRESSIVE;
				CLANG_CXX_LANGUAGE_STANDARD = "gnu++0x";
				CLANG_CXX_LIBRARY = "libc++";
				CLANG_ENABLE_MODULES = YES;
				CLANG_ENABLE_OBJC_ARC = YES;
				CLANG_WARN_BOOL_CONVERSION = YES;
				CLANG_WARN_CONSTANT_CONVERSION = YES;
				CLANG_WARN_DIRECT_OBJC_ISA_USAGE = YES_ERROR;
				CLANG_WARN_DOCUMENTATION_COMMENTS = YES;
				CLANG_WARN_EMPTY_BODY = YES;
				CLANG_WARN_ENUM_CONVERSION = YES;
				CLANG_WARN_INFINITE_RECURSION = YES;
				CLANG_WARN_INT_CONVERSION = YES;
				CLANG_WARN_OBJC_ROOT_CLASS = YES_ERROR;
				CLANG_WARN_SUSPICIOUS_MOVE = YES;
				CLANG_WARN_UNREACHABLE_CODE = YES;
				CLANG_WARN__DUPLICATE_METHOD_MATCH = YES;
				"CODE_SIGN_IDENTITY[sdk=iphoneos*]" = "iPhone Developer";
				COPY_PHASE_STRIP = NO;
				DEBUG_INFORMATION_FORMAT = "dwarf-with-dsym";
				ENABLE_NS_ASSERTIONS = NO;
				ENABLE_STRICT_OBJC_MSGSEND = YES;
				GCC_C_LANGUAGE_STANDARD = gnu99;
				GCC_NO_COMMON_BLOCKS = YES;
				GCC_WARN_64_TO_32_BIT_CONVERSION = YES;
				GCC_WARN_ABOUT_RETURN_TYPE = YES_ERROR;
				GCC_WARN_UNDECLARED_SELECTOR = YES;
				GCC_WARN_UNINITIALIZED_AUTOS = YES_AGGRESSIVE;
				GCC_WARN_UNUSED_FUNCTION = YES;
				GCC_WARN_UNUSED_VARIABLE = YES;
				IPHONEOS_DEPLOYMENT_TARGET = 10.3;
				MTL_ENABLE_DEBUG_INFO = NO;
				SDKROOT = iphoneos;
				VALIDATE_PRODUCT = YES;
			};
			name = Release;
		};
		0F19AA6C1F0D085100997F66 /* Debug */ = {
			isa = XCBuildConfiguration;
			buildSettings = {
				ASSETCATALOG_COMPILER_APPICON_NAME = AppIcon;
				DEVELOPMENT_TEAM = 3ED54QFZS2;
				GCC_PREFIX_HEADER = /Users/bst/Documents/GitHub/198SalesGoods/198SalesGoods/Macros/PrefixHeader.pch;
				INFOPLIST_FILE = 198SalesGoods/Info.plist;
				IPHONEOS_DEPLOYMENT_TARGET = 8.0;
				LD_RUNPATH_SEARCH_PATHS = "$(inherited) @executable_path/Frameworks";
				PRODUCT_BUNDLE_IDENTIFIER = "ap.-98SalesGoods";
				PRODUCT_NAME = "$(TARGET_NAME)";
				VALID_ARCHS = "arm64 armv7 armv7s x86_64";
			};
			name = Debug;
		};
		0F19AA6D1F0D085100997F66 /* Release */ = {
			isa = XCBuildConfiguration;
			buildSettings = {
				ASSETCATALOG_COMPILER_APPICON_NAME = AppIcon;
				DEVELOPMENT_TEAM = 3ED54QFZS2;
				GCC_PREFIX_HEADER = /Users/bst/Documents/GitHub/198SalesGoods/198SalesGoods/Macros/PrefixHeader.pch;
				INFOPLIST_FILE = 198SalesGoods/Info.plist;
				IPHONEOS_DEPLOYMENT_TARGET = 8.0;
				LD_RUNPATH_SEARCH_PATHS = "$(inherited) @executable_path/Frameworks";
				PRODUCT_BUNDLE_IDENTIFIER = "ap.-98SalesGoods";
				PRODUCT_NAME = "$(TARGET_NAME)";
				VALID_ARCHS = "arm64 armv7 armv7s x86_64";
			};
			name = Release;
		};
		0F19AA6F1F0D085100997F66 /* Debug */ = {
			isa = XCBuildConfiguration;
			buildSettings = {
				BUNDLE_LOADER = "$(TEST_HOST)";
				INFOPLIST_FILE = 198SalesGoodsTests/Info.plist;
				LD_RUNPATH_SEARCH_PATHS = "$(inherited) @executable_path/Frameworks @loader_path/Frameworks";
				PRODUCT_BUNDLE_IDENTIFIER = "ap.-98SalesGoodsTests";
				PRODUCT_NAME = "$(TARGET_NAME)";
				TEST_HOST = "$(BUILT_PRODUCTS_DIR)/198SalesGoods.app/198SalesGoods";
			};
			name = Debug;
		};
		0F19AA701F0D085100997F66 /* Release */ = {
			isa = XCBuildConfiguration;
			buildSettings = {
				BUNDLE_LOADER = "$(TEST_HOST)";
				INFOPLIST_FILE = 198SalesGoodsTests/Info.plist;
				LD_RUNPATH_SEARCH_PATHS = "$(inherited) @executable_path/Frameworks @loader_path/Frameworks";
				PRODUCT_BUNDLE_IDENTIFIER = "ap.-98SalesGoodsTests";
				PRODUCT_NAME = "$(TARGET_NAME)";
				TEST_HOST = "$(BUILT_PRODUCTS_DIR)/198SalesGoods.app/198SalesGoods";
			};
			name = Release;
		};
		0F19AA721F0D085100997F66 /* Debug */ = {
			isa = XCBuildConfiguration;
			buildSettings = {
				INFOPLIST_FILE = 198SalesGoodsUITests/Info.plist;
				LD_RUNPATH_SEARCH_PATHS = "$(inherited) @executable_path/Frameworks @loader_path/Frameworks";
				PRODUCT_BUNDLE_IDENTIFIER = "ap.-98SalesGoodsUITests";
				PRODUCT_NAME = "$(TARGET_NAME)";
				TEST_TARGET_NAME = 198SalesGoods;
			};
			name = Debug;
		};
		0F19AA731F0D085100997F66 /* Release */ = {
			isa = XCBuildConfiguration;
			buildSettings = {
				INFOPLIST_FILE = 198SalesGoodsUITests/Info.plist;
				LD_RUNPATH_SEARCH_PATHS = "$(inherited) @executable_path/Frameworks @loader_path/Frameworks";
				PRODUCT_BUNDLE_IDENTIFIER = "ap.-98SalesGoodsUITests";
				PRODUCT_NAME = "$(TARGET_NAME)";
				TEST_TARGET_NAME = 198SalesGoods;
			};
			name = Release;
		};
/* End XCBuildConfiguration section */

/* Begin XCConfigurationList section */
		0F19AA391F0D085000997F66 /* Build configuration list for PBXProject "198SalesGoods" */ = {
			isa = XCConfigurationList;
			buildConfigurations = (
				0F19AA691F0D085100997F66 /* Debug */,
				0F19AA6A1F0D085100997F66 /* Release */,
			);
			defaultConfigurationIsVisible = 0;
			defaultConfigurationName = Release;
		};
		0F19AA6B1F0D085100997F66 /* Build configuration list for PBXNativeTarget "198SalesGoods" */ = {
			isa = XCConfigurationList;
			buildConfigurations = (
				0F19AA6C1F0D085100997F66 /* Debug */,
				0F19AA6D1F0D085100997F66 /* Release */,
			);
			defaultConfigurationIsVisible = 0;
			defaultConfigurationName = Release;
		};
		0F19AA6E1F0D085100997F66 /* Build configuration list for PBXNativeTarget "198SalesGoodsTests" */ = {
			isa = XCConfigurationList;
			buildConfigurations = (
				0F19AA6F1F0D085100997F66 /* Debug */,
				0F19AA701F0D085100997F66 /* Release */,
			);
			defaultConfigurationIsVisible = 0;
			defaultConfigurationName = Release;
		};
		0F19AA711F0D085100997F66 /* Build configuration list for PBXNativeTarget "198SalesGoodsUITests" */ = {
			isa = XCConfigurationList;
			buildConfigurations = (
				0F19AA721F0D085100997F66 /* Debug */,
				0F19AA731F0D085100997F66 /* Release */,
			);
			defaultConfigurationIsVisible = 0;
			defaultConfigurationName = Release;
		};
/* End XCConfigurationList section */
	};
	rootObject = 0F19AA361F0D085000997F66 /* Project object */;
}
